// !$*UTF8*$!
{
	archiveVersion = 1;
	classes = {
	};
	objectVersion = 46;
	objects = {

/* Begin PBXBuildFile section */
		0016608C1BD2AB20001FFC0C /* comma.png in Resources */ = {isa = PBXBuildFile; fileRef = 0016608B1BD2AB20001FFC0C /* comma.png */; settings = {ASSET_TAGS = (); }; };
		0067FC551BC2CD5400C14266 /* Equipment.swift in Sources */ = {isa = PBXBuildFile; fileRef = 0067FC541BC2CD5400C14266 /* Equipment.swift */; settings = {ASSET_TAGS = (); }; };
		0080F5201BD4C6440053DA96 /* hit.mp3 in Resources */ = {isa = PBXBuildFile; fileRef = 0080F51F1BD4C6440053DA96 /* hit.mp3 */; settings = {ASSET_TAGS = (); }; };
		00EAFEE21BC2301C007040F1 /* monster2damage.png in Resources */ = {isa = PBXBuildFile; fileRef = 00EAFEE01BC2301C007040F1 /* monster2damage.png */; settings = {ASSET_TAGS = (); }; };
		00EAFEE31BC2301C007040F1 /* monster2.png in Resources */ = {isa = PBXBuildFile; fileRef = 00EAFEE11BC2301C007040F1 /* monster2.png */; settings = {ASSET_TAGS = (); }; };
		00EAFEEA1BC247F1007040F1 /* monster3.png in Resources */ = {isa = PBXBuildFile; fileRef = 00EAFEE41BC247F1007040F1 /* monster3.png */; settings = {ASSET_TAGS = (); }; };
		00EAFEEB1BC247F1007040F1 /* monster3damage.png in Resources */ = {isa = PBXBuildFile; fileRef = 00EAFEE51BC247F1007040F1 /* monster3damage.png */; settings = {ASSET_TAGS = (); }; };
		00EAFEEC1BC247F1007040F1 /* monster4.png in Resources */ = {isa = PBXBuildFile; fileRef = 00EAFEE61BC247F1007040F1 /* monster4.png */; settings = {ASSET_TAGS = (); }; };
		00EAFEED1BC247F1007040F1 /* monster4damage.png in Resources */ = {isa = PBXBuildFile; fileRef = 00EAFEE71BC247F1007040F1 /* monster4damage.png */; settings = {ASSET_TAGS = (); }; };
		00EAFEEE1BC247F1007040F1 /* monster5.png in Resources */ = {isa = PBXBuildFile; fileRef = 00EAFEE81BC247F1007040F1 /* monster5.png */; settings = {ASSET_TAGS = (); }; };
		00EAFEEF1BC247F1007040F1 /* monster5damage.png in Resources */ = {isa = PBXBuildFile; fileRef = 00EAFEE91BC247F1007040F1 /* monster5damage.png */; settings = {ASSET_TAGS = (); }; };
		00F05A1D1BD53825004E022B /* bgm.mp3 in Resources */ = {isa = PBXBuildFile; fileRef = 00F05A1C1BD53825004E022B /* bgm.mp3 */; settings = {ASSET_TAGS = (); }; };
		00F06B3C1BBC1FA70097C1BA /* monster1.png in Resources */ = {isa = PBXBuildFile; fileRef = 00F06B391BBC1FA70097C1BA /* monster1.png */; };
		00F06B431BBC2A940097C1BA /* attack1.png in Resources */ = {isa = PBXBuildFile; fileRef = 00F06B3F1BBC2A940097C1BA /* attack1.png */; };
		00F06B441BBC2A940097C1BA /* attack2.png in Resources */ = {isa = PBXBuildFile; fileRef = 00F06B401BBC2A940097C1BA /* attack2.png */; };
		00F06B451BBC2A940097C1BA /* attack3.png in Resources */ = {isa = PBXBuildFile; fileRef = 00F06B411BBC2A940097C1BA /* attack3.png */; };
		00F06B461BBC2A940097C1BA /* attack4.png in Resources */ = {isa = PBXBuildFile; fileRef = 00F06B421BBC2A940097C1BA /* attack4.png */; };
		00F06B481BBC32700097C1BA /* monster1damage.png in Resources */ = {isa = PBXBuildFile; fileRef = 00F06B471BBC32700097C1BA /* monster1damage.png */; };
		00F261961BD27B870003FD37 /* 一拍1.png in Resources */ = {isa = PBXBuildFile; fileRef = 00F2618E1BD27B870003FD37 /* 一拍1.png */; settings = {ASSET_TAGS = (); }; };
		00F261971BD27B870003FD37 /* 一拍2.png in Resources */ = {isa = PBXBuildFile; fileRef = 00F2618F1BD27B870003FD37 /* 一拍2.png */; settings = {ASSET_TAGS = (); }; };
		00F261981BD27B870003FD37 /* 一拍3.png in Resources */ = {isa = PBXBuildFile; fileRef = 00F261901BD27B870003FD37 /* 一拍3.png */; settings = {ASSET_TAGS = (); }; };
		00F261991BD27B870003FD37 /* 一拍4.png in Resources */ = {isa = PBXBuildFile; fileRef = 00F261911BD27B870003FD37 /* 一拍4.png */; settings = {ASSET_TAGS = (); }; };
		00F2619A1BD27B870003FD37 /* 一拍5.png in Resources */ = {isa = PBXBuildFile; fileRef = 00F261921BD27B870003FD37 /* 一拍5.png */; settings = {ASSET_TAGS = (); }; };
		00F2619B1BD27B870003FD37 /* 一拍6.png in Resources */ = {isa = PBXBuildFile; fileRef = 00F261931BD27B870003FD37 /* 一拍6.png */; settings = {ASSET_TAGS = (); }; };
		00F2619C1BD27B870003FD37 /* 一拍7.png in Resources */ = {isa = PBXBuildFile; fileRef = 00F261941BD27B870003FD37 /* 一拍7.png */; settings = {ASSET_TAGS = (); }; };
		00F2619D1BD27B870003FD37 /* 一拍8.png in Resources */ = {isa = PBXBuildFile; fileRef = 00F261951BD27B870003FD37 /* 一拍8.png */; settings = {ASSET_TAGS = (); }; };
		00F261A01BD27F4D0003FD37 /* TwiIcon.png in Resources */ = {isa = PBXBuildFile; fileRef = 00F2619F1BD27F4D0003FD37 /* TwiIcon.png */; settings = {ASSET_TAGS = (); }; };
		EF1CF46C1BD2971800045BA6 /* haikei.png in Resources */ = {isa = PBXBuildFile; fileRef = EF1CF46B1BD2971800045BA6 /* haikei.png */; settings = {ASSET_TAGS = (); }; };
		EF3A72D31BC2D74700799F93 /* battle2.png in Resources */ = {isa = PBXBuildFile; fileRef = EF3A72D21BC2D74700799F93 /* battle2.png */; settings = {ASSET_TAGS = (); }; };
		EF3A72D51BC55C8C00799F93 /* number1-2.png in Resources */ = {isa = PBXBuildFile; fileRef = EF3A72D41BC55C8C00799F93 /* number1-2.png */; settings = {ASSET_TAGS = (); }; };
		EF3A72D81BC55C9700799F93 /* number3-2.png in Resources */ = {isa = PBXBuildFile; fileRef = EF3A72D61BC55C9700799F93 /* number3-2.png */; settings = {ASSET_TAGS = (); }; };
		EF3A72D91BC55C9700799F93 /* number2-2.png in Resources */ = {isa = PBXBuildFile; fileRef = EF3A72D71BC55C9700799F93 /* number2-2.png */; settings = {ASSET_TAGS = (); }; };
		EF3A72DF1BC55EEF00799F93 /* Character.swift in Sources */ = {isa = PBXBuildFile; fileRef = EF3A72DE1BC55EEF00799F93 /* Character.swift */; settings = {ASSET_TAGS = (); }; };
		EF3A72ED1BC6A22800799F93 /* ClearViewController.swift in Sources */ = {isa = PBXBuildFile; fileRef = EF3A72EC1BC6A22800799F93 /* ClearViewController.swift */; settings = {ASSET_TAGS = (); }; };
		EF3A72EF1BC6A26A00799F93 /* GameOverViewController.swift in Sources */ = {isa = PBXBuildFile; fileRef = EF3A72EE1BC6A26A00799F93 /* GameOverViewController.swift */; settings = {ASSET_TAGS = (); }; };
		EF3A72F11BC6A89B00799F93 /* all3.png in Resources */ = {isa = PBXBuildFile; fileRef = EF3A72F01BC6A89B00799F93 /* all3.png */; settings = {ASSET_TAGS = (); }; };
		EF3A72F31BC78CA800799F93 /* StateViewController.swift in Sources */ = {isa = PBXBuildFile; fileRef = EF3A72F21BC78CA800799F93 /* StateViewController.swift */; settings = {ASSET_TAGS = (); }; };
		EF3A72F51BC78E1B00799F93 /* EquipViewController.swift in Sources */ = {isa = PBXBuildFile; fileRef = EF3A72F41BC78E1B00799F93 /* EquipViewController.swift */; settings = {ASSET_TAGS = (); }; };
		EF3A72F71BC78E3C00799F93 /* SkillViewController.swift in Sources */ = {isa = PBXBuildFile; fileRef = EF3A72F61BC78E3C00799F93 /* SkillViewController.swift */; settings = {ASSET_TAGS = (); }; };
		EF5055641BC18A1A0060ECC9 /* town3.png in Resources */ = {isa = PBXBuildFile; fileRef = EF5055631BC18A1A0060ECC9 /* town3.png */; };
		EF5055661BC18A470060ECC9 /* title3.png in Resources */ = {isa = PBXBuildFile; fileRef = EF5055651BC18A470060ECC9 /* title3.png */; };
		EF5055681BC18A7D0060ECC9 /* battle.png in Resources */ = {isa = PBXBuildFile; fileRef = EF5055671BC18A7D0060ECC9 /* battle.png */; };
		EF50556A1BC195A60060ECC9 /* bukiya3.1.png in Resources */ = {isa = PBXBuildFile; fileRef = EF5055691BC195A60060ECC9 /* bukiya3.1.png */; };
		EF638E671BD291C9004E7169 /* ajito.png in Resources */ = {isa = PBXBuildFile; fileRef = EF638E661BD291C9004E7169 /* ajito.png */; settings = {ASSET_TAGS = (); }; };
		EF89E37F1BB2833200E9FFD5 /* Images.xcassets in Resources */ = {isa = PBXBuildFile; fileRef = EF89E37E1BB2833200E9FFD5 /* Images.xcassets */; };
		EF89E3821BB2833200E9FFD5 /* LaunchScreen.xib in Resources */ = {isa = PBXBuildFile; fileRef = EF89E3801BB2833200E9FFD5 /* LaunchScreen.xib */; };
		EF89E38E1BB2833200E9FFD5 /* DevilHouseTests.swift in Sources */ = {isa = PBXBuildFile; fileRef = EF89E38D1BB2833200E9FFD5 /* DevilHouseTests.swift */; };
		EF89E3991BB283AE00E9FFD5 /* AppDelegate.swift in Sources */ = {isa = PBXBuildFile; fileRef = EF89E3981BB283AE00E9FFD5 /* AppDelegate.swift */; };
		EF89E3A11BB283CD00E9FFD5 /* ConfigViewController.swift in Sources */ = {isa = PBXBuildFile; fileRef = EF89E39A1BB283CD00E9FFD5 /* ConfigViewController.swift */; };
		EF89E3A21BB283CD00E9FFD5 /* MainViewController.swift in Sources */ = {isa = PBXBuildFile; fileRef = EF89E39B1BB283CD00E9FFD5 /* MainViewController.swift */; };
		EF89E3A31BB283CD00E9FFD5 /* ProtectViewController.swift in Sources */ = {isa = PBXBuildFile; fileRef = EF89E39C1BB283CD00E9FFD5 /* ProtectViewController.swift */; };
		EF89E3A41BB283CD00E9FFD5 /* StartViewController.swift in Sources */ = {isa = PBXBuildFile; fileRef = EF89E39D1BB283CD00E9FFD5 /* StartViewController.swift */; };
		EF89E3A51BB283CD00E9FFD5 /* TownViewController.swift in Sources */ = {isa = PBXBuildFile; fileRef = EF89E39E1BB283CD00E9FFD5 /* TownViewController.swift */; };
		EF89E3A61BB283CD00E9FFD5 /* ViewController.swift in Sources */ = {isa = PBXBuildFile; fileRef = EF89E39F1BB283CD00E9FFD5 /* ViewController.swift */; };
		EF89E3A71BB283CD00E9FFD5 /* WeaponViewController.swift in Sources */ = {isa = PBXBuildFile; fileRef = EF89E3A01BB283CD00E9FFD5 /* WeaponViewController.swift */; };
		EF89E3EA1BB2847000E9FFD5 /* Main.storyboard in Resources */ = {isa = PBXBuildFile; fileRef = EF89E3E91BB2847000E9FFD5 /* Main.storyboard */; };
		EF9AB2ED1BD2B6D5003E7903 /* Level.swift in Sources */ = {isa = PBXBuildFile; fileRef = EF9AB2EC1BD2B6D5003E7903 /* Level.swift */; settings = {ASSET_TAGS = (); }; };
		EF9AB2EF1BD4E925003E7903 /* equipmentData.swift in Sources */ = {isa = PBXBuildFile; fileRef = EF9AB2EE1BD4E925003E7903 /* equipmentData.swift */; settings = {ASSET_TAGS = (); }; };
		EF9AB2F11BD8075D003E7903 /* syujinkou.png in Resources */ = {isa = PBXBuildFile; fileRef = EF9AB2F01BD8075D003E7903 /* syujinkou.png */; settings = {ASSET_TAGS = (); }; };
		EF9AB2F31BD9360E003E7903 /* ラスボスBGM.mp3 in Resources */ = {isa = PBXBuildFile; fileRef = EF9AB2F21BD9360E003E7903 /* ラスボスBGM.mp3 */; settings = {ASSET_TAGS = (); }; };
		EF9AB2F51BD93613003E7903 /* 戦闘BGM.mp3 in Resources */ = {isa = PBXBuildFile; fileRef = EF9AB2F41BD93613003E7903 /* 戦闘BGM.mp3 */; settings = {ASSET_TAGS = (); }; };
		EF9AB2F71BD93637003E7903 /* BGM(アジト).mp3 in Resources */ = {isa = PBXBuildFile; fileRef = EF9AB2F61BD93637003E7903 /* BGM(アジト).mp3 */; settings = {ASSET_TAGS = (); }; };
		EF9AB2F91BD93644003E7903 /* BGM(街用).mp3 in Resources */ = {isa = PBXBuildFile; fileRef = EF9AB2F81BD93644003E7903 /* BGM(街用).mp3 */; settings = {ASSET_TAGS = (); }; };
		EFA6AC441BBD8D0D00F86B1F /* NextViewController.swift in Sources */ = {isa = PBXBuildFile; fileRef = EFA6AC431BBD8D0D00F86B1F /* NextViewController.swift */; };
		EFC5A66A1BD274A900EBE7C1 /* Money.swift in Sources */ = {isa = PBXBuildFile; fileRef = EFC5A6691BD274A900EBE7C1 /* Money.swift */; settings = {ASSET_TAGS = (); }; };
		EFDB288A1BBC3F630051C3C1 /* load.png in Resources */ = {isa = PBXBuildFile; fileRef = EFDB28891BBC3F630051C3C1 /* load.png */; };
/* End PBXBuildFile section */

/* Begin PBXContainerItemProxy section */
		EF89E3881BB2833200E9FFD5 /* PBXContainerItemProxy */ = {
			isa = PBXContainerItemProxy;
			containerPortal = EF89E36A1BB2833200E9FFD5 /* Project object */;
			proxyType = 1;
			remoteGlobalIDString = EF89E3711BB2833200E9FFD5;
			remoteInfo = DevilHouse;
		};
/* End PBXContainerItemProxy section */

/* Begin PBXFileReference section */
		0016608B1BD2AB20001FFC0C /* comma.png */ = {isa = PBXFileReference; lastKnownFileType = image.png; path = comma.png; sourceTree = "<group>"; };
		0067FC541BC2CD5400C14266 /* Equipment.swift */ = {isa = PBXFileReference; fileEncoding = 4; lastKnownFileType = sourcecode.swift; path = Equipment.swift; sourceTree = "<group>"; };
		0080F51F1BD4C6440053DA96 /* hit.mp3 */ = {isa = PBXFileReference; lastKnownFileType = audio.mp3; path = hit.mp3; sourceTree = "<group>"; };
		00EAFEE01BC2301C007040F1 /* monster2damage.png */ = {isa = PBXFileReference; lastKnownFileType = image.png; path = monster2damage.png; sourceTree = "<group>"; };
		00EAFEE11BC2301C007040F1 /* monster2.png */ = {isa = PBXFileReference; lastKnownFileType = image.png; path = monster2.png; sourceTree = "<group>"; };
		00EAFEE41BC247F1007040F1 /* monster3.png */ = {isa = PBXFileReference; lastKnownFileType = image.png; path = monster3.png; sourceTree = "<group>"; };
		00EAFEE51BC247F1007040F1 /* monster3damage.png */ = {isa = PBXFileReference; lastKnownFileType = image.png; path = monster3damage.png; sourceTree = "<group>"; };
		00EAFEE61BC247F1007040F1 /* monster4.png */ = {isa = PBXFileReference; lastKnownFileType = image.png; path = monster4.png; sourceTree = "<group>"; };
		00EAFEE71BC247F1007040F1 /* monster4damage.png */ = {isa = PBXFileReference; lastKnownFileType = image.png; path = monster4damage.png; sourceTree = "<group>"; };
		00EAFEE81BC247F1007040F1 /* monster5.png */ = {isa = PBXFileReference; lastKnownFileType = image.png; path = monster5.png; sourceTree = "<group>"; };
		00EAFEE91BC247F1007040F1 /* monster5damage.png */ = {isa = PBXFileReference; lastKnownFileType = image.png; path = monster5damage.png; sourceTree = "<group>"; };
		00F05A1C1BD53825004E022B /* bgm.mp3 */ = {isa = PBXFileReference; lastKnownFileType = audio.mp3; path = bgm.mp3; sourceTree = "<group>"; };
		00F06B391BBC1FA70097C1BA /* monster1.png */ = {isa = PBXFileReference; lastKnownFileType = image.png; path = monster1.png; sourceTree = "<group>"; };
		00F06B3F1BBC2A940097C1BA /* attack1.png */ = {isa = PBXFileReference; lastKnownFileType = image.png; path = attack1.png; sourceTree = "<group>"; };
		00F06B401BBC2A940097C1BA /* attack2.png */ = {isa = PBXFileReference; lastKnownFileType = image.png; path = attack2.png; sourceTree = "<group>"; };
		00F06B411BBC2A940097C1BA /* attack3.png */ = {isa = PBXFileReference; lastKnownFileType = image.png; path = attack3.png; sourceTree = "<group>"; };
		00F06B421BBC2A940097C1BA /* attack4.png */ = {isa = PBXFileReference; lastKnownFileType = image.png; path = attack4.png; sourceTree = "<group>"; };
		00F06B471BBC32700097C1BA /* monster1damage.png */ = {isa = PBXFileReference; lastKnownFileType = image.png; path = monster1damage.png; sourceTree = "<group>"; };
		00F2618E1BD27B870003FD37 /* 一拍1.png */ = {isa = PBXFileReference; lastKnownFileType = image.png; path = "一拍1.png"; sourceTree = "<group>"; };
		00F2618F1BD27B870003FD37 /* 一拍2.png */ = {isa = PBXFileReference; lastKnownFileType = image.png; path = "一拍2.png"; sourceTree = "<group>"; };
		00F261901BD27B870003FD37 /* 一拍3.png */ = {isa = PBXFileReference; lastKnownFileType = image.png; path = "一拍3.png"; sourceTree = "<group>"; };
		00F261911BD27B870003FD37 /* 一拍4.png */ = {isa = PBXFileReference; lastKnownFileType = image.png; path = "一拍4.png"; sourceTree = "<group>"; };
		00F261921BD27B870003FD37 /* 一拍5.png */ = {isa = PBXFileReference; lastKnownFileType = image.png; path = "一拍5.png"; sourceTree = "<group>"; };
		00F261931BD27B870003FD37 /* 一拍6.png */ = {isa = PBXFileReference; lastKnownFileType = image.png; path = "一拍6.png"; sourceTree = "<group>"; };
		00F261941BD27B870003FD37 /* 一拍7.png */ = {isa = PBXFileReference; lastKnownFileType = image.png; path = "一拍7.png"; sourceTree = "<group>"; };
		00F261951BD27B870003FD37 /* 一拍8.png */ = {isa = PBXFileReference; lastKnownFileType = image.png; path = "一拍8.png"; sourceTree = "<group>"; };
		00F2619F1BD27F4D0003FD37 /* TwiIcon.png */ = {isa = PBXFileReference; lastKnownFileType = image.png; path = TwiIcon.png; sourceTree = "<group>"; };
		EF1CF46B1BD2971800045BA6 /* haikei.png */ = {isa = PBXFileReference; lastKnownFileType = image.png; path = haikei.png; sourceTree = "<group>"; };
		EF3A72D21BC2D74700799F93 /* battle2.png */ = {isa = PBXFileReference; lastKnownFileType = image.png; path = battle2.png; sourceTree = "<group>"; };
		EF3A72D41BC55C8C00799F93 /* number1-2.png */ = {isa = PBXFileReference; lastKnownFileType = image.png; path = "number1-2.png"; sourceTree = "<group>"; };
		EF3A72D61BC55C9700799F93 /* number3-2.png */ = {isa = PBXFileReference; lastKnownFileType = image.png; path = "number3-2.png"; sourceTree = "<group>"; };
		EF3A72D71BC55C9700799F93 /* number2-2.png */ = {isa = PBXFileReference; lastKnownFileType = image.png; path = "number2-2.png"; sourceTree = "<group>"; };
		EF3A72DE1BC55EEF00799F93 /* Character.swift */ = {isa = PBXFileReference; fileEncoding = 4; lastKnownFileType = sourcecode.swift; path = Character.swift; sourceTree = "<group>"; };
		EF3A72EC1BC6A22800799F93 /* ClearViewController.swift */ = {isa = PBXFileReference; fileEncoding = 4; lastKnownFileType = sourcecode.swift; path = ClearViewController.swift; sourceTree = "<group>"; };
		EF3A72EE1BC6A26A00799F93 /* GameOverViewController.swift */ = {isa = PBXFileReference; fileEncoding = 4; lastKnownFileType = sourcecode.swift; path = GameOverViewController.swift; sourceTree = "<group>"; };
		EF3A72F01BC6A89B00799F93 /* all3.png */ = {isa = PBXFileReference; lastKnownFileType = image.png; path = all3.png; sourceTree = "<group>"; };
		EF3A72F21BC78CA800799F93 /* StateViewController.swift */ = {isa = PBXFileReference; fileEncoding = 4; lastKnownFileType = sourcecode.swift; path = StateViewController.swift; sourceTree = "<group>"; };
		EF3A72F41BC78E1B00799F93 /* EquipViewController.swift */ = {isa = PBXFileReference; fileEncoding = 4; lastKnownFileType = sourcecode.swift; path = EquipViewController.swift; sourceTree = "<group>"; };
		EF3A72F61BC78E3C00799F93 /* SkillViewController.swift */ = {isa = PBXFileReference; fileEncoding = 4; lastKnownFileType = sourcecode.swift; path = SkillViewController.swift; sourceTree = "<group>"; };
		EF5055631BC18A1A0060ECC9 /* town3.png */ = {isa = PBXFileReference; lastKnownFileType = image.png; path = town3.png; sourceTree = "<group>"; };
		EF5055651BC18A470060ECC9 /* title3.png */ = {isa = PBXFileReference; lastKnownFileType = image.png; path = title3.png; sourceTree = "<group>"; };
		EF5055671BC18A7D0060ECC9 /* battle.png */ = {isa = PBXFileReference; lastKnownFileType = image.png; path = battle.png; sourceTree = "<group>"; };
		EF5055691BC195A60060ECC9 /* bukiya3.1.png */ = {isa = PBXFileReference; lastKnownFileType = image.png; path = bukiya3.1.png; sourceTree = "<group>"; };
		EF638E661BD291C9004E7169 /* ajito.png */ = {isa = PBXFileReference; lastKnownFileType = image.png; path = ajito.png; sourceTree = "<group>"; };
		EF89E3721BB2833200E9FFD5 /* DevilHouse.app */ = {isa = PBXFileReference; explicitFileType = wrapper.application; includeInIndex = 0; path = DevilHouse.app; sourceTree = BUILT_PRODUCTS_DIR; };
		EF89E3761BB2833200E9FFD5 /* Info.plist */ = {isa = PBXFileReference; lastKnownFileType = text.plist.xml; path = Info.plist; sourceTree = "<group>"; };
		EF89E37E1BB2833200E9FFD5 /* Images.xcassets */ = {isa = PBXFileReference; lastKnownFileType = folder.assetcatalog; path = Images.xcassets; sourceTree = "<group>"; };
		EF89E3811BB2833200E9FFD5 /* Base */ = {isa = PBXFileReference; lastKnownFileType = file.xib; name = Base; path = Base.lproj/LaunchScreen.xib; sourceTree = "<group>"; };
		EF89E3871BB2833200E9FFD5 /* DevilHouseTests.xctest */ = {isa = PBXFileReference; explicitFileType = wrapper.cfbundle; includeInIndex = 0; path = DevilHouseTests.xctest; sourceTree = BUILT_PRODUCTS_DIR; };
		EF89E38C1BB2833200E9FFD5 /* Info.plist */ = {isa = PBXFileReference; lastKnownFileType = text.plist.xml; path = Info.plist; sourceTree = "<group>"; };
		EF89E38D1BB2833200E9FFD5 /* DevilHouseTests.swift */ = {isa = PBXFileReference; lastKnownFileType = sourcecode.swift; path = DevilHouseTests.swift; sourceTree = "<group>"; };
		EF89E3971BB283AD00E9FFD5 /* DevilHouse-Bridging-Header.h */ = {isa = PBXFileReference; lastKnownFileType = sourcecode.c.h; path = "DevilHouse-Bridging-Header.h"; sourceTree = "<group>"; };
		EF89E3981BB283AE00E9FFD5 /* AppDelegate.swift */ = {isa = PBXFileReference; fileEncoding = 4; lastKnownFileType = sourcecode.swift; path = AppDelegate.swift; sourceTree = "<group>"; };
		EF89E39A1BB283CD00E9FFD5 /* ConfigViewController.swift */ = {isa = PBXFileReference; fileEncoding = 4; lastKnownFileType = sourcecode.swift; path = ConfigViewController.swift; sourceTree = "<group>"; };
		EF89E39B1BB283CD00E9FFD5 /* MainViewController.swift */ = {isa = PBXFileReference; fileEncoding = 4; lastKnownFileType = sourcecode.swift; path = MainViewController.swift; sourceTree = "<group>"; };
		EF89E39C1BB283CD00E9FFD5 /* ProtectViewController.swift */ = {isa = PBXFileReference; fileEncoding = 4; lastKnownFileType = sourcecode.swift; path = ProtectViewController.swift; sourceTree = "<group>"; };
		EF89E39D1BB283CD00E9FFD5 /* StartViewController.swift */ = {isa = PBXFileReference; fileEncoding = 4; lastKnownFileType = sourcecode.swift; path = StartViewController.swift; sourceTree = "<group>"; };
		EF89E39E1BB283CD00E9FFD5 /* TownViewController.swift */ = {isa = PBXFileReference; fileEncoding = 4; lastKnownFileType = sourcecode.swift; path = TownViewController.swift; sourceTree = "<group>"; };
		EF89E39F1BB283CD00E9FFD5 /* ViewController.swift */ = {isa = PBXFileReference; fileEncoding = 4; lastKnownFileType = sourcecode.swift; path = ViewController.swift; sourceTree = "<group>"; };
		EF89E3A01BB283CD00E9FFD5 /* WeaponViewController.swift */ = {isa = PBXFileReference; fileEncoding = 4; lastKnownFileType = sourcecode.swift; path = WeaponViewController.swift; sourceTree = "<group>"; };
		EF89E3E91BB2847000E9FFD5 /* Main.storyboard */ = {isa = PBXFileReference; fileEncoding = 4; lastKnownFileType = file.storyboard; path = Main.storyboard; sourceTree = "<group>"; };
		EF9AB2EC1BD2B6D5003E7903 /* Level.swift */ = {isa = PBXFileReference; fileEncoding = 4; lastKnownFileType = sourcecode.swift; path = Level.swift; sourceTree = "<group>"; };
		EF9AB2EE1BD4E925003E7903 /* equipmentData.swift */ = {isa = PBXFileReference; fileEncoding = 4; lastKnownFileType = sourcecode.swift; path = equipmentData.swift; sourceTree = "<group>"; };
		EF9AB2F01BD8075D003E7903 /* syujinkou.png */ = {isa = PBXFileReference; lastKnownFileType = image.png; path = syujinkou.png; sourceTree = "<group>"; };
		EF9AB2F21BD9360E003E7903 /* ラスボスBGM.mp3 */ = {isa = PBXFileReference; lastKnownFileType = audio.mp3; path = "ラスボスBGM.mp3"; sourceTree = "<group>"; };
		EF9AB2F41BD93613003E7903 /* 戦闘BGM.mp3 */ = {isa = PBXFileReference; lastKnownFileType = audio.mp3; path = "戦闘BGM.mp3"; sourceTree = "<group>"; };
		EF9AB2F61BD93637003E7903 /* BGM(アジト).mp3 */ = {isa = PBXFileReference; lastKnownFileType = audio.mp3; path = "BGM(アジト).mp3"; sourceTree = "<group>"; };
		EF9AB2F81BD93644003E7903 /* BGM(街用).mp3 */ = {isa = PBXFileReference; lastKnownFileType = audio.mp3; path = "BGM(街用).mp3"; sourceTree = "<group>"; };
		EFA6AC431BBD8D0D00F86B1F /* NextViewController.swift */ = {isa = PBXFileReference; fileEncoding = 4; lastKnownFileType = sourcecode.swift; name = NextViewController.swift; path = ../NextViewController.swift; sourceTree = "<group>"; };
		EFC5A6691BD274A900EBE7C1 /* Money.swift */ = {isa = PBXFileReference; fileEncoding = 4; lastKnownFileType = sourcecode.swift; path = Money.swift; sourceTree = "<group>"; };
		EFDB28891BBC3F630051C3C1 /* load.png */ = {isa = PBXFileReference; lastKnownFileType = image.png; path = load.png; sourceTree = "<group>"; };
/* End PBXFileReference section */

/* Begin PBXFrameworksBuildPhase section */
		EF89E36F1BB2833200E9FFD5 /* Frameworks */ = {
			isa = PBXFrameworksBuildPhase;
			buildActionMask = 2147483647;
			files = (
			);
			runOnlyForDeploymentPostprocessing = 0;
		};
		EF89E3841BB2833200E9FFD5 /* Frameworks */ = {
			isa = PBXFrameworksBuildPhase;
			buildActionMask = 2147483647;
			files = (
			);
			runOnlyForDeploymentPostprocessing = 0;
		};
/* End PBXFrameworksBuildPhase section */

/* Begin PBXGroup section */
		0080F51E1BD4C6370053DA96 /* SE */ = {
			isa = PBXGroup;
			children = (
				0080F51F1BD4C6440053DA96 /* hit.mp3 */,
				EF9AB2F21BD9360E003E7903 /* ラスボスBGM.mp3 */,
				EF9AB2F81BD93644003E7903 /* BGM(街用).mp3 */,
				EF9AB2F61BD93637003E7903 /* BGM(アジト).mp3 */,
				EF9AB2F41BD93613003E7903 /* 戦闘BGM.mp3 */,
				00F05A1C1BD53825004E022B /* bgm.mp3 */,
			);
			name = SE;
			sourceTree = "<group>";
		};
		00F2618D1BD27B6E0003FD37 /* stairs */ = {
			isa = PBXGroup;
			children = (
				00F2618E1BD27B870003FD37 /* 一拍1.png */,
				00F2618F1BD27B870003FD37 /* 一拍2.png */,
				00F261901BD27B870003FD37 /* 一拍3.png */,
				00F261911BD27B870003FD37 /* 一拍4.png */,
				00F261921BD27B870003FD37 /* 一拍5.png */,
				00F261931BD27B870003FD37 /* 一拍6.png */,
				00F261941BD27B870003FD37 /* 一拍7.png */,
				00F261951BD27B870003FD37 /* 一拍8.png */,
			);
			name = stairs;
			sourceTree = "<group>";
		};
		00F2619E1BD27F3D0003FD37 /* etc */ = {
			isa = PBXGroup;
			children = (
				0016608B1BD2AB20001FFC0C /* comma.png */,
				00F2619F1BD27F4D0003FD37 /* TwiIcon.png */,
			);
			name = etc;
			sourceTree = "<group>";
		};
		EF50556B1BC195E20060ECC9 /* CountDown */ = {
			isa = PBXGroup;
			children = (
				EF3A72D61BC55C9700799F93 /* number3-2.png */,
				EF3A72D71BC55C9700799F93 /* number2-2.png */,
				EF3A72D41BC55C8C00799F93 /* number1-2.png */,
			);
			name = CountDown;
			sourceTree = "<group>";
		};
		EF50556C1BC195FB0060ECC9 /* Monster */ = {
			isa = PBXGroup;
			children = (
				00EAFEE41BC247F1007040F1 /* monster3.png */,
				00EAFEE51BC247F1007040F1 /* monster3damage.png */,
				00EAFEE61BC247F1007040F1 /* monster4.png */,
				00EAFEE71BC247F1007040F1 /* monster4damage.png */,
				00EAFEE81BC247F1007040F1 /* monster5.png */,
				00EAFEE91BC247F1007040F1 /* monster5damage.png */,
				00EAFEE01BC2301C007040F1 /* monster2damage.png */,
				00EAFEE11BC2301C007040F1 /* monster2.png */,
				00F06B471BBC32700097C1BA /* monster1damage.png */,
				00F06B401BBC2A940097C1BA /* attack2.png */,
				00F06B411BBC2A940097C1BA /* attack3.png */,
				00F06B3F1BBC2A940097C1BA /* attack1.png */,
				00F06B391BBC1FA70097C1BA /* monster1.png */,
				00F06B421BBC2A940097C1BA /* attack4.png */,
			);
			name = Monster;
			sourceTree = "<group>";
		};
		EF89E3691BB2833200E9FFD5 = {
			isa = PBXGroup;
			children = (
				EF89E3741BB2833200E9FFD5 /* DevilHouse */,
				EF89E38A1BB2833200E9FFD5 /* DevilHouseTests */,
				EF89E3731BB2833200E9FFD5 /* Products */,
			);
			sourceTree = "<group>";
		};
		EF89E3731BB2833200E9FFD5 /* Products */ = {
			isa = PBXGroup;
			children = (
				EF89E3721BB2833200E9FFD5 /* DevilHouse.app */,
				EF89E3871BB2833200E9FFD5 /* DevilHouseTests.xctest */,
			);
			name = Products;
			sourceTree = "<group>";
		};
		EF89E3741BB2833200E9FFD5 /* DevilHouse */ = {
			isa = PBXGroup;
			children = (
				0080F51E1BD4C6370053DA96 /* SE */,
				EF89E3A81BB283EE00E9FFD5 /* Picture */,
				EF89E3981BB283AE00E9FFD5 /* AppDelegate.swift */,
				EF89E39A1BB283CD00E9FFD5 /* ConfigViewController.swift */,
				0067FC541BC2CD5400C14266 /* Equipment.swift */,
				EF9AB2EE1BD4E925003E7903 /* equipmentData.swift */,
				EF3A72EC1BC6A22800799F93 /* ClearViewController.swift */,
				EFC5A6691BD274A900EBE7C1 /* Money.swift */,
				EF9AB2EC1BD2B6D5003E7903 /* Level.swift */,
				EF89E39B1BB283CD00E9FFD5 /* MainViewController.swift */,
				EF3A72F41BC78E1B00799F93 /* EquipViewController.swift */,
				EF89E39C1BB283CD00E9FFD5 /* ProtectViewController.swift */,
				EFA6AC431BBD8D0D00F86B1F /* NextViewController.swift */,
				EF3A72EE1BC6A26A00799F93 /* GameOverViewController.swift */,
				EF3A72F61BC78E3C00799F93 /* SkillViewController.swift */,
				EF3A72F21BC78CA800799F93 /* StateViewController.swift */,
				EF3A72DE1BC55EEF00799F93 /* Character.swift */,
				EF89E39D1BB283CD00E9FFD5 /* StartViewController.swift */,
				EF89E39E1BB283CD00E9FFD5 /* TownViewController.swift */,
				EF89E39F1BB283CD00E9FFD5 /* ViewController.swift */,
				EF89E3A01BB283CD00E9FFD5 /* WeaponViewController.swift */,
				EF89E3E91BB2847000E9FFD5 /* Main.storyboard */,
				EF89E37E1BB2833200E9FFD5 /* Images.xcassets */,
				EF89E3801BB2833200E9FFD5 /* LaunchScreen.xib */,
				EF89E3751BB2833200E9FFD5 /* Supporting Files */,
				EF89E3971BB283AD00E9FFD5 /* DevilHouse-Bridging-Header.h */,
			);
			path = DevilHouse;
			sourceTree = "<group>";
		};
		EF89E3751BB2833200E9FFD5 /* Supporting Files */ = {
			isa = PBXGroup;
			children = (
				EF89E3761BB2833200E9FFD5 /* Info.plist */,
			);
			name = "Supporting Files";
			sourceTree = "<group>";
		};
		EF89E38A1BB2833200E9FFD5 /* DevilHouseTests */ = {
			isa = PBXGroup;
			children = (
				EF89E38D1BB2833200E9FFD5 /* DevilHouseTests.swift */,
				EF89E38B1BB2833200E9FFD5 /* Supporting Files */,
			);
			path = DevilHouseTests;
			sourceTree = "<group>";
		};
		EF89E38B1BB2833200E9FFD5 /* Supporting Files */ = {
			isa = PBXGroup;
			children = (
				EF89E38C1BB2833200E9FFD5 /* Info.plist */,
			);
			name = "Supporting Files";
			sourceTree = "<group>";
		};
		EF89E3A81BB283EE00E9FFD5 /* Picture */ = {
			isa = PBXGroup;
			children = (
				00F2619E1BD27F3D0003FD37 /* etc */,
				00F2618D1BD27B6E0003FD37 /* stairs */,
				EF50556C1BC195FB0060ECC9 /* Monster */,
				EF50556B1BC195E20060ECC9 /* CountDown */,
				EF5055691BC195A60060ECC9 /* bukiya3.1.png */,
				EF3A72D21BC2D74700799F93 /* battle2.png */,
				EF9AB2F01BD8075D003E7903 /* syujinkou.png */,
				EF3A72F01BC6A89B00799F93 /* all3.png */,
				EF5055651BC18A470060ECC9 /* title3.png */,
				EF1CF46B1BD2971800045BA6 /* haikei.png */,
				EF638E661BD291C9004E7169 /* ajito.png */,
				EF5055631BC18A1A0060ECC9 /* town3.png */,
				EF5055671BC18A7D0060ECC9 /* battle.png */,
				EFDB28891BBC3F630051C3C1 /* load.png */,
			);
			name = Picture;
			sourceTree = "<group>";
		};
/* End PBXGroup section */

/* Begin PBXNativeTarget section */
		EF89E3711BB2833200E9FFD5 /* DevilHouse */ = {
			isa = PBXNativeTarget;
			buildConfigurationList = EF89E3911BB2833200E9FFD5 /* Build configuration list for PBXNativeTarget "DevilHouse" */;
			buildPhases = (
				EF89E36E1BB2833200E9FFD5 /* Sources */,
				EF89E36F1BB2833200E9FFD5 /* Frameworks */,
				EF89E3701BB2833200E9FFD5 /* Resources */,
			);
			buildRules = (
			);
			dependencies = (
			);
			name = DevilHouse;
			productName = DevilHouse;
			productReference = EF89E3721BB2833200E9FFD5 /* DevilHouse.app */;
			productType = "com.apple.product-type.application";
		};
		EF89E3861BB2833200E9FFD5 /* DevilHouseTests */ = {
			isa = PBXNativeTarget;
			buildConfigurationList = EF89E3941BB2833200E9FFD5 /* Build configuration list for PBXNativeTarget "DevilHouseTests" */;
			buildPhases = (
				EF89E3831BB2833200E9FFD5 /* Sources */,
				EF89E3841BB2833200E9FFD5 /* Frameworks */,
				EF89E3851BB2833200E9FFD5 /* Resources */,
			);
			buildRules = (
			);
			dependencies = (
				EF89E3891BB2833200E9FFD5 /* PBXTargetDependency */,
			);
			name = DevilHouseTests;
			productName = DevilHouseTests;
			productReference = EF89E3871BB2833200E9FFD5 /* DevilHouseTests.xctest */;
			productType = "com.apple.product-type.bundle.unit-test";
		};
/* End PBXNativeTarget section */

/* Begin PBXProject section */
		EF89E36A1BB2833200E9FFD5 /* Project object */ = {
			isa = PBXProject;
			attributes = {
				LastSwiftUpdateCheck = 0700;
				LastUpgradeCheck = 0700;
				ORGANIZATIONNAME = Itia;
				TargetAttributes = {
					EF89E3711BB2833200E9FFD5 = {
						CreatedOnToolsVersion = 6.4;
						DevelopmentTeam = DRLLG3Z3Q7;
					};
					EF89E3861BB2833200E9FFD5 = {
						CreatedOnToolsVersion = 6.4;
						TestTargetID = EF89E3711BB2833200E9FFD5;
					};
				};
			};
			buildConfigurationList = EF89E36D1BB2833200E9FFD5 /* Build configuration list for PBXProject "DevilHouse" */;
			compatibilityVersion = "Xcode 3.2";
			developmentRegion = English;
			hasScannedForEncodings = 0;
			knownRegions = (
				en,
				Base,
			);
			mainGroup = EF89E3691BB2833200E9FFD5;
			productRefGroup = EF89E3731BB2833200E9FFD5 /* Products */;
			projectDirPath = "";
			projectRoot = "";
			targets = (
				EF89E3711BB2833200E9FFD5 /* DevilHouse */,
				EF89E3861BB2833200E9FFD5 /* DevilHouseTests */,
			);
		};
/* End PBXProject section */

/* Begin PBXResourcesBuildPhase section */
		EF89E3701BB2833200E9FFD5 /* Resources */ = {
			isa = PBXResourcesBuildPhase;
			buildActionMask = 2147483647;
			files = (
				00EAFEEE1BC247F1007040F1 /* monster5.png in Resources */,
				00F2619D1BD27B870003FD37 /* 一拍8.png in Resources */,
				EF5055681BC18A7D0060ECC9 /* battle.png in Resources */,
				EF3A72F11BC6A89B00799F93 /* all3.png in Resources */,
				00EAFEEF1BC247F1007040F1 /* monster5damage.png in Resources */,
				EF89E3EA1BB2847000E9FFD5 /* Main.storyboard in Resources */,
				00EAFEEA1BC247F1007040F1 /* monster3.png in Resources */,
				00F261981BD27B870003FD37 /* 一拍3.png in Resources */,
				00F06B441BBC2A940097C1BA /* attack2.png in Resources */,
				EF9AB2F11BD8075D003E7903 /* syujinkou.png in Resources */,
				EF89E3821BB2833200E9FFD5 /* LaunchScreen.xib in Resources */,
				00F261961BD27B870003FD37 /* 一拍1.png in Resources */,
				00F06B3C1BBC1FA70097C1BA /* monster1.png in Resources */,
				EF9AB2F91BD93644003E7903 /* BGM(街用).mp3 in Resources */,
				00F06B431BBC2A940097C1BA /* attack1.png in Resources */,
				00F2619C1BD27B870003FD37 /* 一拍7.png in Resources */,
				EF1CF46C1BD2971800045BA6 /* haikei.png in Resources */,
				EF3A72D51BC55C8C00799F93 /* number1-2.png in Resources */,
				EF9AB2F31BD9360E003E7903 /* ラスボスBGM.mp3 in Resources */,
				00F261A01BD27F4D0003FD37 /* TwiIcon.png in Resources */,
				EF50556A1BC195A60060ECC9 /* bukiya3.1.png in Resources */,
				00EAFEE21BC2301C007040F1 /* monster2damage.png in Resources */,
				EF3A72D31BC2D74700799F93 /* battle2.png in Resources */,
				EF89E37F1BB2833200E9FFD5 /* Images.xcassets in Resources */,
				0080F5201BD4C6440053DA96 /* hit.mp3 in Resources */,
				00F261971BD27B870003FD37 /* 一拍2.png in Resources */,
				EF5055641BC18A1A0060ECC9 /* town3.png in Resources */,
				00F06B481BBC32700097C1BA /* monster1damage.png in Resources */,
				EF9AB2F71BD93637003E7903 /* BGM(アジト).mp3 in Resources */,
				00EAFEEB1BC247F1007040F1 /* monster3damage.png in Resources */,
				EF638E671BD291C9004E7169 /* ajito.png in Resources */,
				EFDB288A1BBC3F630051C3C1 /* load.png in Resources */,
				00EAFEE31BC2301C007040F1 /* monster2.png in Resources */,
				00EAFEEC1BC247F1007040F1 /* monster4.png in Resources */,
				EF3A72D91BC55C9700799F93 /* number2-2.png in Resources */,
				0016608C1BD2AB20001FFC0C /* comma.png in Resources */,
				00F05A1D1BD53825004E022B /* bgm.mp3 in Resources */,
				00EAFEED1BC247F1007040F1 /* monster4damage.png in Resources */,
				00F06B451BBC2A940097C1BA /* attack3.png in Resources */,
				00F06B461BBC2A940097C1BA /* attack4.png in Resources */,
				00F2619A1BD27B870003FD37 /* 一拍5.png in Resources */,
				00F261991BD27B870003FD37 /* 一拍4.png in Resources */,
				00F2619B1BD27B870003FD37 /* 一拍6.png in Resources */,
				EF5055661BC18A470060ECC9 /* title3.png in Resources */,
				EF3A72D81BC55C9700799F93 /* number3-2.png in Resources */,
				EF9AB2F51BD93613003E7903 /* 戦闘BGM.mp3 in Resources */,
			);
			runOnlyForDeploymentPostprocessing = 0;
		};
		EF89E3851BB2833200E9FFD5 /* Resources */ = {
			isa = PBXResourcesBuildPhase;
			buildActionMask = 2147483647;
			files = (
			);
			runOnlyForDeploymentPostprocessing = 0;
		};
/* End PBXResourcesBuildPhase section */

/* Begin PBXSourcesBuildPhase section */
		EF89E36E1BB2833200E9FFD5 /* Sources */ = {
			isa = PBXSourcesBuildPhase;
			buildActionMask = 2147483647;
			files = (
				EF89E3A41BB283CD00E9FFD5 /* StartViewController.swift in Sources */,
				EF89E3A21BB283CD00E9FFD5 /* MainViewController.swift in Sources */,
				EF9AB2EF1BD4E925003E7903 /* equipmentData.swift in Sources */,
				EF3A72F71BC78E3C00799F93 /* SkillViewController.swift in Sources */,
				EF3A72DF1BC55EEF00799F93 /* Character.swift in Sources */,
				EF89E3A11BB283CD00E9FFD5 /* ConfigViewController.swift in Sources */,
				EF3A72F31BC78CA800799F93 /* StateViewController.swift in Sources */,
				EF89E3A31BB283CD00E9FFD5 /* ProtectViewController.swift in Sources */,
				EFC5A66A1BD274A900EBE7C1 /* Money.swift in Sources */,
				0067FC551BC2CD5400C14266 /* Equipment.swift in Sources */,
				EF89E3A61BB283CD00E9FFD5 /* ViewController.swift in Sources */,
				EF89E3A51BB283CD00E9FFD5 /* TownViewController.swift in Sources */,
				EF89E3A71BB283CD00E9FFD5 /* WeaponViewController.swift in Sources */,
				EF9AB2ED1BD2B6D5003E7903 /* Level.swift in Sources */,
				EFA6AC441BBD8D0D00F86B1F /* NextViewController.swift in Sources */,
				EF3A72ED1BC6A22800799F93 /* ClearViewController.swift in Sources */,
				EF89E3991BB283AE00E9FFD5 /* AppDelegate.swift in Sources */,
				EF3A72F51BC78E1B00799F93 /* EquipViewController.swift in Sources */,
				EF3A72EF1BC6A26A00799F93 /* GameOverViewController.swift in Sources */,
			);
			runOnlyForDeploymentPostprocessing = 0;
		};
		EF89E3831BB2833200E9FFD5 /* Sources */ = {
			isa = PBXSourcesBuildPhase;
			buildActionMask = 2147483647;
			files = (
				EF89E38E1BB2833200E9FFD5 /* DevilHouseTests.swift in Sources */,
			);
			runOnlyForDeploymentPostprocessing = 0;
		};
/* End PBXSourcesBuildPhase section */

/* Begin PBXTargetDependency section */
		EF89E3891BB2833200E9FFD5 /* PBXTargetDependency */ = {
			isa = PBXTargetDependency;
			target = EF89E3711BB2833200E9FFD5 /* DevilHouse */;
			targetProxy = EF89E3881BB2833200E9FFD5 /* PBXContainerItemProxy */;
		};
/* End PBXTargetDependency section */

/* Begin PBXVariantGroup section */
		EF89E3801BB2833200E9FFD5 /* LaunchScreen.xib */ = {
			isa = PBXVariantGroup;
			children = (
				EF89E3811BB2833200E9FFD5 /* Base */,
			);
			name = LaunchScreen.xib;
			sourceTree = "<group>";
		};
/* End PBXVariantGroup section */

/* Begin XCBuildConfiguration section */
		EF89E38F1BB2833200E9FFD5 /* Debug */ = {
			isa = XCBuildConfiguration;
			buildSettings = {
				ALWAYS_SEARCH_USER_PATHS = NO;
				CLANG_CXX_LANGUAGE_STANDARD = "gnu++0x";
				CLANG_CXX_LIBRARY = "libc++";
				CLANG_ENABLE_MODULES = YES;
				CLANG_ENABLE_OBJC_ARC = YES;
				CLANG_WARN_BOOL_CONVERSION = YES;
				CLANG_WARN_CONSTANT_CONVERSION = YES;
				CLANG_WARN_DIRECT_OBJC_ISA_USAGE = YES_ERROR;
				CLANG_WARN_EMPTY_BODY = YES;
				CLANG_WARN_ENUM_CONVERSION = YES;
				CLANG_WARN_INT_CONVERSION = YES;
				CLANG_WARN_OBJC_ROOT_CLASS = YES_ERROR;
				CLANG_WARN_UNREACHABLE_CODE = YES;
				CLANG_WARN__DUPLICATE_METHOD_MATCH = YES;
				"CODE_SIGN_IDENTITY[sdk=iphoneos*]" = "iPhone Developer";
				COPY_PHASE_STRIP = NO;
				DEBUG_INFORMATION_FORMAT = "dwarf-with-dsym";
				ENABLE_STRICT_OBJC_MSGSEND = YES;
				ENABLE_TESTABILITY = YES;
				GCC_C_LANGUAGE_STANDARD = gnu99;
				GCC_DYNAMIC_NO_PIC = NO;
				GCC_NO_COMMON_BLOCKS = YES;
				GCC_OPTIMIZATION_LEVEL = 0;
				GCC_PREPROCESSOR_DEFINITIONS = (
					"DEBUG=1",
					"$(inherited)",
				);
				GCC_SYMBOLS_PRIVATE_EXTERN = NO;
				GCC_WARN_64_TO_32_BIT_CONVERSION = YES;
				GCC_WARN_ABOUT_RETURN_TYPE = YES_ERROR;
				GCC_WARN_UNDECLARED_SELECTOR = YES;
				GCC_WARN_UNINITIALIZED_AUTOS = YES_AGGRESSIVE;
				GCC_WARN_UNUSED_FUNCTION = YES;
				GCC_WARN_UNUSED_VARIABLE = YES;
				IPHONEOS_DEPLOYMENT_TARGET = 8.4;
				MTL_ENABLE_DEBUG_INFO = YES;
				ONLY_ACTIVE_ARCH = YES;
				SDKROOT = iphoneos;
				SWIFT_OPTIMIZATION_LEVEL = "-Onone";
			};
			name = Debug;
		};
		EF89E3901BB2833200E9FFD5 /* Release */ = {
			isa = XCBuildConfiguration;
			buildSettings = {
				ALWAYS_SEARCH_USER_PATHS = NO;
				CLANG_CXX_LANGUAGE_STANDARD = "gnu++0x";
				CLANG_CXX_LIBRARY = "libc++";
				CLANG_ENABLE_MODULES = YES;
				CLANG_ENABLE_OBJC_ARC = YES;
				CLANG_WARN_BOOL_CONVERSION = YES;
				CLANG_WARN_CONSTANT_CONVERSION = YES;
				CLANG_WARN_DIRECT_OBJC_ISA_USAGE = YES_ERROR;
				CLANG_WARN_EMPTY_BODY = YES;
				CLANG_WARN_ENUM_CONVERSION = YES;
				CLANG_WARN_INT_CONVERSION = YES;
				CLANG_WARN_OBJC_ROOT_CLASS = YES_ERROR;
				CLANG_WARN_UNREACHABLE_CODE = YES;
				CLANG_WARN__DUPLICATE_METHOD_MATCH = YES;
				"CODE_SIGN_IDENTITY[sdk=iphoneos*]" = "iPhone Developer";
				COPY_PHASE_STRIP = NO;
				DEBUG_INFORMATION_FORMAT = "dwarf-with-dsym";
				ENABLE_NS_ASSERTIONS = NO;
				ENABLE_STRICT_OBJC_MSGSEND = YES;
				GCC_C_LANGUAGE_STANDARD = gnu99;
				GCC_NO_COMMON_BLOCKS = YES;
				GCC_WARN_64_TO_32_BIT_CONVERSION = YES;
				GCC_WARN_ABOUT_RETURN_TYPE = YES_ERROR;
				GCC_WARN_UNDECLARED_SELECTOR = YES;
				GCC_WARN_UNINITIALIZED_AUTOS = YES_AGGRESSIVE;
				GCC_WARN_UNUSED_FUNCTION = YES;
				GCC_WARN_UNUSED_VARIABLE = YES;
				IPHONEOS_DEPLOYMENT_TARGET = 8.4;
				MTL_ENABLE_DEBUG_INFO = NO;
				SDKROOT = iphoneos;
				VALIDATE_PRODUCT = YES;
			};
			name = Release;
		};
		EF89E3921BB2833200E9FFD5 /* Debug */ = {
			isa = XCBuildConfiguration;
			buildSettings = {
				ASSETCATALOG_COMPILER_APPICON_NAME = AppIcon;
				CLANG_ENABLE_MODULES = YES;
				CODE_SIGN_IDENTITY = "iPhone Developer";
				"CODE_SIGN_IDENTITY[sdk=iphoneos*]" = "iPhone Developer";
				INFOPLIST_FILE = DevilHouse/Info.plist;
				LD_RUNPATH_SEARCH_PATHS = "$(inherited) @executable_path/Frameworks";
				PRODUCT_BUNDLE_IDENTIFIER = "com.mycompany.$(PRODUCT_NAME:rfc1034identifier)";
				PRODUCT_NAME = "$(TARGET_NAME)";
				PROVISIONING_PROFILE = "";
				SWIFT_OBJC_BRIDGING_HEADER = "DevilHouse/DevilHouse-Bridging-Header.h";
				SWIFT_OPTIMIZATION_LEVEL = "-Onone";
			};
			name = Debug;
		};
		EF89E3931BB2833200E9FFD5 /* Release */ = {
			isa = XCBuildConfiguration;
			buildSettings = {
				ASSETCATALOG_COMPILER_APPICON_NAME = AppIcon;
				CLANG_ENABLE_MODULES = YES;
				CODE_SIGN_IDENTITY = "iPhone Developer";
				"CODE_SIGN_IDENTITY[sdk=iphoneos*]" = "iPhone Developer";
				INFOPLIST_FILE = DevilHouse/Info.plist;
				LD_RUNPATH_SEARCH_PATHS = "$(inherited) @executable_path/Frameworks";
				PRODUCT_BUNDLE_IDENTIFIER = "com.mycompany.$(PRODUCT_NAME:rfc1034identifier)";
				PRODUCT_NAME = "$(TARGET_NAME)";
				PROVISIONING_PROFILE = "";
				SWIFT_OBJC_BRIDGING_HEADER = "DevilHouse/DevilHouse-Bridging-Header.h";
			};
			name = Release;
		};
		EF89E3951BB2833200E9FFD5 /* Debug */ = {
			isa = XCBuildConfiguration;
			buildSettings = {
				BUNDLE_LOADER = "$(TEST_HOST)";
				FRAMEWORK_SEARCH_PATHS = "$(inherited)";
				GCC_PREPROCESSOR_DEFINITIONS = (
					"DEBUG=1",
					"$(inherited)",
				);
				INFOPLIST_FILE = DevilHouseTests/Info.plist;
				LD_RUNPATH_SEARCH_PATHS = "$(inherited) @executable_path/Frameworks @loader_path/Frameworks";
				PRODUCT_BUNDLE_IDENTIFIER = "com.mycompany.$(PRODUCT_NAME:rfc1034identifier)";
				PRODUCT_NAME = "$(TARGET_NAME)";
				TEST_HOST = "$(BUILT_PRODUCTS_DIR)/DevilHouse.app/DevilHouse";
			};
			name = Debug;
		};
		EF89E3961BB2833200E9FFD5 /* Release */ = {
			isa = XCBuildConfiguration;
			buildSettings = {
				BUNDLE_LOADER = "$(TEST_HOST)";
				FRAMEWORK_SEARCH_PATHS = "$(inherited)";
				INFOPLIST_FILE = DevilHouseTests/Info.plist;
				LD_RUNPATH_SEARCH_PATHS = "$(inherited) @executable_path/Frameworks @loader_path/Frameworks";
				PRODUCT_BUNDLE_IDENTIFIER = "com.mycompany.$(PRODUCT_NAME:rfc1034identifier)";
				PRODUCT_NAME = "$(TARGET_NAME)";
				TEST_HOST = "$(BUILT_PRODUCTS_DIR)/DevilHouse.app/DevilHouse";
			};
			name = Release;
		};
/* End XCBuildConfiguration section */

/* Begin XCConfigurationList section */
		EF89E36D1BB2833200E9FFD5 /* Build configuration list for PBXProject "DevilHouse" */ = {
			isa = XCConfigurationList;
			buildConfigurations = (
				EF89E38F1BB2833200E9FFD5 /* Debug */,
				EF89E3901BB2833200E9FFD5 /* Release */,
			);
			defaultConfigurationIsVisible = 0;
			defaultConfigurationName = Release;
		};
		EF89E3911BB2833200E9FFD5 /* Build configuration list for PBXNativeTarget "DevilHouse" */ = {
			isa = XCConfigurationList;
			buildConfigurations = (
				EF89E3921BB2833200E9FFD5 /* Debug */,
				EF89E3931BB2833200E9FFD5 /* Release */,
			);
			defaultConfigurationIsVisible = 0;
			defaultConfigurationName = Release;
		};
		EF89E3941BB2833200E9FFD5 /* Build configuration list for PBXNativeTarget "DevilHouseTests" */ = {
			isa = XCConfigurationList;
			buildConfigurations = (
				EF89E3951BB2833200E9FFD5 /* Debug */,
				EF89E3961BB2833200E9FFD5 /* Release */,
			);
			defaultConfigurationIsVisible = 0;
			defaultConfigurationName = Release;
		};
/* End XCConfigurationList section */
	};
	rootObject = EF89E36A1BB2833200E9FFD5 /* Project object */;
}
