// !$*UTF8*$!
{
	archiveVersion = 1;
	classes = {
	};
	objectVersion = 46;
	objects = {

/* Begin PBXBuildFile section */
		EF89E37F1BB2833200E9FFD5 /* Images.xcassets in Resources */ = {isa = PBXBuildFile; fileRef = EF89E37E1BB2833200E9FFD5 /* Images.xcassets */; };
		EF89E3821BB2833200E9FFD5 /* LaunchScreen.xib in Resources */ = {isa = PBXBuildFile; fileRef = EF89E3801BB2833200E9FFD5 /* LaunchScreen.xib */; };
		EF89E38E1BB2833200E9FFD5 /* DevilHouseTests.swift in Sources */ = {isa = PBXBuildFile; fileRef = EF89E38D1BB2833200E9FFD5 /* DevilHouseTests.swift */; };
		EF89E3991BB283AE00E9FFD5 /* AppDelegate.swift in Sources */ = {isa = PBXBuildFile; fileRef = EF89E3981BB283AE00E9FFD5 /* AppDelegate.swift */; };
		EF89E3A11BB283CD00E9FFD5 /* ConfigViewController.swift in Sources */ = {isa = PBXBuildFile; fileRef = EF89E39A1BB283CD00E9FFD5 /* ConfigViewController.swift */; };
		EF89E3A21BB283CD00E9FFD5 /* MainViewController.swift in Sources */ = {isa = PBXBuildFile; fileRef = EF89E39B1BB283CD00E9FFD5 /* MainViewController.swift */; };
		EF89E3A31BB283CD00E9FFD5 /* ProtectViewController.swift in Sources */ = {isa = PBXBuildFile; fileRef = EF89E39C1BB283CD00E9FFD5 /* ProtectViewController.swift */; };
		EF89E3A41BB283CD00E9FFD5 /* StartViewController.swift in Sources */ = {isa = PBXBuildFile; fileRef = EF89E39D1BB283CD00E9FFD5 /* StartViewController.swift */; };
		EF89E3A51BB283CD00E9FFD5 /* TownViewController.swift in Sources */ = {isa = PBXBuildFile; fileRef = EF89E39E1BB283CD00E9FFD5 /* TownViewController.swift */; };
		EF89E3A61BB283CD00E9FFD5 /* ViewController.swift in Sources */ = {isa = PBXBuildFile; fileRef = EF89E39F1BB283CD00E9FFD5 /* ViewController.swift */; };
		EF89E3A71BB283CD00E9FFD5 /* WeaponViewController.swift in Sources */ = {isa = PBXBuildFile; fileRef = EF89E3A01BB283CD00E9FFD5 /* WeaponViewController.swift */; };
		EF89E3C81BB2841F00E9FFD5 /* AsyncButton.swift in Sources */ = {isa = PBXBuildFile; fileRef = EF89E3AA1BB2841F00E9FFD5 /* AsyncButton.swift */; };
		EF89E3C91BB2841F00E9FFD5 /* AsyncImageView.swift in Sources */ = {isa = PBXBuildFile; fileRef = EF89E3AB1BB2841F00E9FFD5 /* AsyncImageView.swift */; };
		EF89E3CA1BB2841F00E9FFD5 /* AutoTextView.swift in Sources */ = {isa = PBXBuildFile; fileRef = EF89E3AC1BB2841F00E9FFD5 /* AutoTextView.swift */; };
		EF89E3CB1BB2841F00E9FFD5 /* BlurView.swift in Sources */ = {isa = PBXBuildFile; fileRef = EF89E3AD1BB2841F00E9FFD5 /* BlurView.swift */; };
		EF89E3CC1BB2841F00E9FFD5 /* DesignableButton.swift in Sources */ = {isa = PBXBuildFile; fileRef = EF89E3AE1BB2841F00E9FFD5 /* DesignableButton.swift */; };
		EF89E3CD1BB2841F00E9FFD5 /* DesignableImageView.swift in Sources */ = {isa = PBXBuildFile; fileRef = EF89E3AF1BB2841F00E9FFD5 /* DesignableImageView.swift */; };
		EF89E3CE1BB2841F00E9FFD5 /* DesignableLabel.swift in Sources */ = {isa = PBXBuildFile; fileRef = EF89E3B01BB2841F00E9FFD5 /* DesignableLabel.swift */; };
		EF89E3CF1BB2841F00E9FFD5 /* DesignableTabBarController.swift in Sources */ = {isa = PBXBuildFile; fileRef = EF89E3B11BB2841F00E9FFD5 /* DesignableTabBarController.swift */; };
		EF89E3D01BB2841F00E9FFD5 /* DesignableTextField.swift in Sources */ = {isa = PBXBuildFile; fileRef = EF89E3B21BB2841F00E9FFD5 /* DesignableTextField.swift */; };
		EF89E3D11BB2841F00E9FFD5 /* DesignableTextView.swift in Sources */ = {isa = PBXBuildFile; fileRef = EF89E3B31BB2841F00E9FFD5 /* DesignableTextView.swift */; };
		EF89E3D21BB2841F00E9FFD5 /* DesignableView.swift in Sources */ = {isa = PBXBuildFile; fileRef = EF89E3B41BB2841F00E9FFD5 /* DesignableView.swift */; };
		EF89E3D31BB2841F00E9FFD5 /* ImageLoader.swift in Sources */ = {isa = PBXBuildFile; fileRef = EF89E3B51BB2841F00E9FFD5 /* ImageLoader.swift */; };
		EF89E3D41BB2841F00E9FFD5 /* Info.plist in Resources */ = {isa = PBXBuildFile; fileRef = EF89E3B61BB2841F00E9FFD5 /* Info.plist */; };
		EF89E3D51BB2841F00E9FFD5 /* KeyboardLayoutConstraint.swift in Sources */ = {isa = PBXBuildFile; fileRef = EF89E3B71BB2841F00E9FFD5 /* KeyboardLayoutConstraint.swift */; };
		EF89E3D61BB2841F00E9FFD5 /* LoadingView.swift in Sources */ = {isa = PBXBuildFile; fileRef = EF89E3B81BB2841F00E9FFD5 /* LoadingView.swift */; };
		EF89E3D71BB2841F00E9FFD5 /* LoadingView.xib in Resources */ = {isa = PBXBuildFile; fileRef = EF89E3B91BB2841F00E9FFD5 /* LoadingView.xib */; };
		EF89E3D81BB2841F00E9FFD5 /* Misc.swift in Sources */ = {isa = PBXBuildFile; fileRef = EF89E3BA1BB2841F00E9FFD5 /* Misc.swift */; };
		EF89E3D91BB2841F00E9FFD5 /* SoundPlayer.swift in Sources */ = {isa = PBXBuildFile; fileRef = EF89E3BB1BB2841F00E9FFD5 /* SoundPlayer.swift */; };
		EF89E3DA1BB2841F00E9FFD5 /* Spring.swift in Sources */ = {isa = PBXBuildFile; fileRef = EF89E3BD1BB2841F00E9FFD5 /* Spring.swift */; };
		EF89E3DB1BB2841F00E9FFD5 /* SpringAnimation.swift in Sources */ = {isa = PBXBuildFile; fileRef = EF89E3BE1BB2841F00E9FFD5 /* SpringAnimation.swift */; };
		EF89E3DC1BB2841F00E9FFD5 /* SpringButton.swift in Sources */ = {isa = PBXBuildFile; fileRef = EF89E3BF1BB2841F00E9FFD5 /* SpringButton.swift */; };
		EF89E3DD1BB2841F00E9FFD5 /* SpringImageView.swift in Sources */ = {isa = PBXBuildFile; fileRef = EF89E3C01BB2841F00E9FFD5 /* SpringImageView.swift */; };
		EF89E3DE1BB2841F00E9FFD5 /* SpringLabel.swift in Sources */ = {isa = PBXBuildFile; fileRef = EF89E3C11BB2841F00E9FFD5 /* SpringLabel.swift */; };
		EF89E3DF1BB2841F00E9FFD5 /* SpringTextField.swift in Sources */ = {isa = PBXBuildFile; fileRef = EF89E3C21BB2841F00E9FFD5 /* SpringTextField.swift */; };
		EF89E3E01BB2841F00E9FFD5 /* SpringTextView.swift in Sources */ = {isa = PBXBuildFile; fileRef = EF89E3C31BB2841F00E9FFD5 /* SpringTextView.swift */; };
		EF89E3E11BB2841F00E9FFD5 /* SpringView.swift in Sources */ = {isa = PBXBuildFile; fileRef = EF89E3C41BB2841F00E9FFD5 /* SpringView.swift */; };
		EF89E3E21BB2841F00E9FFD5 /* TransitionManager.swift in Sources */ = {isa = PBXBuildFile; fileRef = EF89E3C51BB2841F00E9FFD5 /* TransitionManager.swift */; };
		EF89E3E31BB2841F00E9FFD5 /* TransitionZoom.swift in Sources */ = {isa = PBXBuildFile; fileRef = EF89E3C61BB2841F00E9FFD5 /* TransitionZoom.swift */; };
		EF89E3E41BB2841F00E9FFD5 /* UnwindSegue.swift in Sources */ = {isa = PBXBuildFile; fileRef = EF89E3C71BB2841F00E9FFD5 /* UnwindSegue.swift */; };
		EF89E3E71BB2843A00E9FFD5 /* title2.png in Resources */ = {isa = PBXBuildFile; fileRef = EF89E3E51BB2843A00E9FFD5 /* title2.png */; };
		EF89E3E81BB2843A00E9FFD5 /* town.png in Resources */ = {isa = PBXBuildFile; fileRef = EF89E3E61BB2843A00E9FFD5 /* town.png */; };
		EF89E3EA1BB2847000E9FFD5 /* Main.storyboard in Resources */ = {isa = PBXBuildFile; fileRef = EF89E3E91BB2847000E9FFD5 /* Main.storyboard */; };
/* End PBXBuildFile section */

/* Begin PBXContainerItemProxy section */
		EF89E3881BB2833200E9FFD5 /* PBXContainerItemProxy */ = {
			isa = PBXContainerItemProxy;
			containerPortal = EF89E36A1BB2833200E9FFD5 /* Project object */;
			proxyType = 1;
			remoteGlobalIDString = EF89E3711BB2833200E9FFD5;
			remoteInfo = DevilHouse;
		};
/* End PBXContainerItemProxy section */

/* Begin PBXFileReference section */
		EF89E3721BB2833200E9FFD5 /* DevilHouse.app */ = {isa = PBXFileReference; explicitFileType = wrapper.application; includeInIndex = 0; path = DevilHouse.app; sourceTree = BUILT_PRODUCTS_DIR; };
		EF89E3761BB2833200E9FFD5 /* Info.plist */ = {isa = PBXFileReference; lastKnownFileType = text.plist.xml; path = Info.plist; sourceTree = "<group>"; };
		EF89E37E1BB2833200E9FFD5 /* Images.xcassets */ = {isa = PBXFileReference; lastKnownFileType = folder.assetcatalog; path = Images.xcassets; sourceTree = "<group>"; };
		EF89E3811BB2833200E9FFD5 /* Base */ = {isa = PBXFileReference; lastKnownFileType = file.xib; name = Base; path = Base.lproj/LaunchScreen.xib; sourceTree = "<group>"; };
		EF89E3871BB2833200E9FFD5 /* DevilHouseTests.xctest */ = {isa = PBXFileReference; explicitFileType = wrapper.cfbundle; includeInIndex = 0; path = DevilHouseTests.xctest; sourceTree = BUILT_PRODUCTS_DIR; };
		EF89E38C1BB2833200E9FFD5 /* Info.plist */ = {isa = PBXFileReference; lastKnownFileType = text.plist.xml; path = Info.plist; sourceTree = "<group>"; };
		EF89E38D1BB2833200E9FFD5 /* DevilHouseTests.swift */ = {isa = PBXFileReference; lastKnownFileType = sourcecode.swift; path = DevilHouseTests.swift; sourceTree = "<group>"; };
		EF89E3971BB283AD00E9FFD5 /* DevilHouse-Bridging-Header.h */ = {isa = PBXFileReference; lastKnownFileType = sourcecode.c.h; path = "DevilHouse-Bridging-Header.h"; sourceTree = "<group>"; };
		EF89E3981BB283AE00E9FFD5 /* AppDelegate.swift */ = {isa = PBXFileReference; fileEncoding = 4; lastKnownFileType = sourcecode.swift; path = AppDelegate.swift; sourceTree = "<group>"; };
		EF89E39A1BB283CD00E9FFD5 /* ConfigViewController.swift */ = {isa = PBXFileReference; fileEncoding = 4; lastKnownFileType = sourcecode.swift; path = ConfigViewController.swift; sourceTree = "<group>"; };
		EF89E39B1BB283CD00E9FFD5 /* MainViewController.swift */ = {isa = PBXFileReference; fileEncoding = 4; lastKnownFileType = sourcecode.swift; path = MainViewController.swift; sourceTree = "<group>"; };
		EF89E39C1BB283CD00E9FFD5 /* ProtectViewController.swift */ = {isa = PBXFileReference; fileEncoding = 4; lastKnownFileType = sourcecode.swift; path = ProtectViewController.swift; sourceTree = "<group>"; };
		EF89E39D1BB283CD00E9FFD5 /* StartViewController.swift */ = {isa = PBXFileReference; fileEncoding = 4; lastKnownFileType = sourcecode.swift; path = StartViewController.swift; sourceTree = "<group>"; };
		EF89E39E1BB283CD00E9FFD5 /* TownViewController.swift */ = {isa = PBXFileReference; fileEncoding = 4; lastKnownFileType = sourcecode.swift; path = TownViewController.swift; sourceTree = "<group>"; };
		EF89E39F1BB283CD00E9FFD5 /* ViewController.swift */ = {isa = PBXFileReference; fileEncoding = 4; lastKnownFileType = sourcecode.swift; path = ViewController.swift; sourceTree = "<group>"; };
		EF89E3A01BB283CD00E9FFD5 /* WeaponViewController.swift */ = {isa = PBXFileReference; fileEncoding = 4; lastKnownFileType = sourcecode.swift; path = WeaponViewController.swift; sourceTree = "<group>"; };
		EF89E3AA1BB2841F00E9FFD5 /* AsyncButton.swift */ = {isa = PBXFileReference; fileEncoding = 4; lastKnownFileType = sourcecode.swift; path = AsyncButton.swift; sourceTree = "<group>"; };
		EF89E3AB1BB2841F00E9FFD5 /* AsyncImageView.swift */ = {isa = PBXFileReference; fileEncoding = 4; lastKnownFileType = sourcecode.swift; path = AsyncImageView.swift; sourceTree = "<group>"; };
		EF89E3AC1BB2841F00E9FFD5 /* AutoTextView.swift */ = {isa = PBXFileReference; fileEncoding = 4; lastKnownFileType = sourcecode.swift; path = AutoTextView.swift; sourceTree = "<group>"; };
		EF89E3AD1BB2841F00E9FFD5 /* BlurView.swift */ = {isa = PBXFileReference; fileEncoding = 4; lastKnownFileType = sourcecode.swift; path = BlurView.swift; sourceTree = "<group>"; };
		EF89E3AE1BB2841F00E9FFD5 /* DesignableButton.swift */ = {isa = PBXFileReference; fileEncoding = 4; lastKnownFileType = sourcecode.swift; path = DesignableButton.swift; sourceTree = "<group>"; };
		EF89E3AF1BB2841F00E9FFD5 /* DesignableImageView.swift */ = {isa = PBXFileReference; fileEncoding = 4; lastKnownFileType = sourcecode.swift; path = DesignableImageView.swift; sourceTree = "<group>"; };
		EF89E3B01BB2841F00E9FFD5 /* DesignableLabel.swift */ = {isa = PBXFileReference; fileEncoding = 4; lastKnownFileType = sourcecode.swift; path = DesignableLabel.swift; sourceTree = "<group>"; };
		EF89E3B11BB2841F00E9FFD5 /* DesignableTabBarController.swift */ = {isa = PBXFileReference; fileEncoding = 4; lastKnownFileType = sourcecode.swift; path = DesignableTabBarController.swift; sourceTree = "<group>"; };
		EF89E3B21BB2841F00E9FFD5 /* DesignableTextField.swift */ = {isa = PBXFileReference; fileEncoding = 4; lastKnownFileType = sourcecode.swift; path = DesignableTextField.swift; sourceTree = "<group>"; };
		EF89E3B31BB2841F00E9FFD5 /* DesignableTextView.swift */ = {isa = PBXFileReference; fileEncoding = 4; lastKnownFileType = sourcecode.swift; path = DesignableTextView.swift; sourceTree = "<group>"; };
		EF89E3B41BB2841F00E9FFD5 /* DesignableView.swift */ = {isa = PBXFileReference; fileEncoding = 4; lastKnownFileType = sourcecode.swift; path = DesignableView.swift; sourceTree = "<group>"; };
		EF89E3B51BB2841F00E9FFD5 /* ImageLoader.swift */ = {isa = PBXFileReference; fileEncoding = 4; lastKnownFileType = sourcecode.swift; path = ImageLoader.swift; sourceTree = "<group>"; };
		EF89E3B61BB2841F00E9FFD5 /* Info.plist */ = {isa = PBXFileReference; fileEncoding = 4; lastKnownFileType = text.plist.xml; path = Info.plist; sourceTree = "<group>"; };
		EF89E3B71BB2841F00E9FFD5 /* KeyboardLayoutConstraint.swift */ = {isa = PBXFileReference; fileEncoding = 4; lastKnownFileType = sourcecode.swift; path = KeyboardLayoutConstraint.swift; sourceTree = "<group>"; };
		EF89E3B81BB2841F00E9FFD5 /* LoadingView.swift */ = {isa = PBXFileReference; fileEncoding = 4; lastKnownFileType = sourcecode.swift; path = LoadingView.swift; sourceTree = "<group>"; };
		EF89E3B91BB2841F00E9FFD5 /* LoadingView.xib */ = {isa = PBXFileReference; fileEncoding = 4; lastKnownFileType = file.xib; path = LoadingView.xib; sourceTree = "<group>"; };
		EF89E3BA1BB2841F00E9FFD5 /* Misc.swift */ = {isa = PBXFileReference; fileEncoding = 4; lastKnownFileType = sourcecode.swift; path = Misc.swift; sourceTree = "<group>"; };
		EF89E3BB1BB2841F00E9FFD5 /* SoundPlayer.swift */ = {isa = PBXFileReference; fileEncoding = 4; lastKnownFileType = sourcecode.swift; path = SoundPlayer.swift; sourceTree = "<group>"; };
		EF89E3BC1BB2841F00E9FFD5 /* Spring.h */ = {isa = PBXFileReference; fileEncoding = 4; lastKnownFileType = sourcecode.c.h; path = Spring.h; sourceTree = "<group>"; };
		EF89E3BD1BB2841F00E9FFD5 /* Spring.swift */ = {isa = PBXFileReference; fileEncoding = 4; lastKnownFileType = sourcecode.swift; path = Spring.swift; sourceTree = "<group>"; };
		EF89E3BE1BB2841F00E9FFD5 /* SpringAnimation.swift */ = {isa = PBXFileReference; fileEncoding = 4; lastKnownFileType = sourcecode.swift; path = SpringAnimation.swift; sourceTree = "<group>"; };
		EF89E3BF1BB2841F00E9FFD5 /* SpringButton.swift */ = {isa = PBXFileReference; fileEncoding = 4; lastKnownFileType = sourcecode.swift; path = SpringButton.swift; sourceTree = "<group>"; };
		EF89E3C01BB2841F00E9FFD5 /* SpringImageView.swift */ = {isa = PBXFileReference; fileEncoding = 4; lastKnownFileType = sourcecode.swift; path = SpringImageView.swift; sourceTree = "<group>"; };
		EF89E3C11BB2841F00E9FFD5 /* SpringLabel.swift */ = {isa = PBXFileReference; fileEncoding = 4; lastKnownFileType = sourcecode.swift; path = SpringLabel.swift; sourceTree = "<group>"; };
		EF89E3C21BB2841F00E9FFD5 /* SpringTextField.swift */ = {isa = PBXFileReference; fileEncoding = 4; lastKnownFileType = sourcecode.swift; path = SpringTextField.swift; sourceTree = "<group>"; };
		EF89E3C31BB2841F00E9FFD5 /* SpringTextView.swift */ = {isa = PBXFileReference; fileEncoding = 4; lastKnownFileType = sourcecode.swift; path = SpringTextView.swift; sourceTree = "<group>"; };
		EF89E3C41BB2841F00E9FFD5 /* SpringView.swift */ = {isa = PBXFileReference; fileEncoding = 4; lastKnownFileType = sourcecode.swift; path = SpringView.swift; sourceTree = "<group>"; };
		EF89E3C51BB2841F00E9FFD5 /* TransitionManager.swift */ = {isa = PBXFileReference; fileEncoding = 4; lastKnownFileType = sourcecode.swift; path = TransitionManager.swift; sourceTree = "<group>"; };
		EF89E3C61BB2841F00E9FFD5 /* TransitionZoom.swift */ = {isa = PBXFileReference; fileEncoding = 4; lastKnownFileType = sourcecode.swift; path = TransitionZoom.swift; sourceTree = "<group>"; };
		EF89E3C71BB2841F00E9FFD5 /* UnwindSegue.swift */ = {isa = PBXFileReference; fileEncoding = 4; lastKnownFileType = sourcecode.swift; path = UnwindSegue.swift; sourceTree = "<group>"; };
		EF89E3E51BB2843A00E9FFD5 /* title2.png */ = {isa = PBXFileReference; lastKnownFileType = image.png; path = title2.png; sourceTree = "<group>"; };
		EF89E3E61BB2843A00E9FFD5 /* town.png */ = {isa = PBXFileReference; lastKnownFileType = image.png; path = town.png; sourceTree = "<group>"; };
		EF89E3E91BB2847000E9FFD5 /* Main.storyboard */ = {isa = PBXFileReference; fileEncoding = 4; lastKnownFileType = file.storyboard; path = Main.storyboard; sourceTree = "<group>"; };
/* End PBXFileReference section */

/* Begin PBXFrameworksBuildPhase section */
		EF89E36F1BB2833200E9FFD5 /* Frameworks */ = {
			isa = PBXFrameworksBuildPhase;
			buildActionMask = 2147483647;
			files = (
			);
			runOnlyForDeploymentPostprocessing = 0;
		};
		EF89E3841BB2833200E9FFD5 /* Frameworks */ = {
			isa = PBXFrameworksBuildPhase;
			buildActionMask = 2147483647;
			files = (
			);
			runOnlyForDeploymentPostprocessing = 0;
		};
/* End PBXFrameworksBuildPhase section */

/* Begin PBXGroup section */
		EF89E3691BB2833200E9FFD5 = {
			isa = PBXGroup;
			children = (
				EF89E3741BB2833200E9FFD5 /* DevilHouse */,
				EF89E38A1BB2833200E9FFD5 /* DevilHouseTests */,
				EF89E3731BB2833200E9FFD5 /* Products */,
			);
			sourceTree = "<group>";
		};
		EF89E3731BB2833200E9FFD5 /* Products */ = {
			isa = PBXGroup;
			children = (
				EF89E3721BB2833200E9FFD5 /* DevilHouse.app */,
				EF89E3871BB2833200E9FFD5 /* DevilHouseTests.xctest */,
			);
			name = Products;
			sourceTree = "<group>";
		};
		EF89E3741BB2833200E9FFD5 /* DevilHouse */ = {
			isa = PBXGroup;
			children = (
				EF89E3A81BB283EE00E9FFD5 /* Picture */,
				EF89E3981BB283AE00E9FFD5 /* AppDelegate.swift */,
				EF89E39A1BB283CD00E9FFD5 /* ConfigViewController.swift */,
				EF89E39B1BB283CD00E9FFD5 /* MainViewController.swift */,
				EF89E39C1BB283CD00E9FFD5 /* ProtectViewController.swift */,
				EF89E39D1BB283CD00E9FFD5 /* StartViewController.swift */,
				EF89E39E1BB283CD00E9FFD5 /* TownViewController.swift */,
				EF89E39F1BB283CD00E9FFD5 /* ViewController.swift */,
				EF89E3A01BB283CD00E9FFD5 /* WeaponViewController.swift */,
				EF89E3E91BB2847000E9FFD5 /* Main.storyboard */,
				EF89E37E1BB2833200E9FFD5 /* Images.xcassets */,
				EF89E3801BB2833200E9FFD5 /* LaunchScreen.xib */,
				EF89E3A91BB2841F00E9FFD5 /* Spring */,
				EF89E3751BB2833200E9FFD5 /* Supporting Files */,
				EF89E3971BB283AD00E9FFD5 /* DevilHouse-Bridging-Header.h */,
			);
			path = DevilHouse;
			sourceTree = "<group>";
		};
		EF89E3751BB2833200E9FFD5 /* Supporting Files */ = {
			isa = PBXGroup;
			children = (
				EF89E3761BB2833200E9FFD5 /* Info.plist */,
			);
			name = "Supporting Files";
			sourceTree = "<group>";
		};
		EF89E38A1BB2833200E9FFD5 /* DevilHouseTests */ = {
			isa = PBXGroup;
			children = (
				EF89E38D1BB2833200E9FFD5 /* DevilHouseTests.swift */,
				EF89E38B1BB2833200E9FFD5 /* Supporting Files */,
			);
			path = DevilHouseTests;
			sourceTree = "<group>";
		};
		EF89E38B1BB2833200E9FFD5 /* Supporting Files */ = {
			isa = PBXGroup;
			children = (
				EF89E38C1BB2833200E9FFD5 /* Info.plist */,
			);
			name = "Supporting Files";
			sourceTree = "<group>";
		};
		EF89E3A81BB283EE00E9FFD5 /* Picture */ = {
			isa = PBXGroup;
			children = (
				EF89E3E51BB2843A00E9FFD5 /* title2.png */,
				EF89E3E61BB2843A00E9FFD5 /* town.png */,
			);
			name = Picture;
			sourceTree = "<group>";
		};
		EF89E3A91BB2841F00E9FFD5 /* Spring */ = {
			isa = PBXGroup;
			children = (
				EF89E3AA1BB2841F00E9FFD5 /* AsyncButton.swift */,
				EF89E3AB1BB2841F00E9FFD5 /* AsyncImageView.swift */,
				EF89E3AC1BB2841F00E9FFD5 /* AutoTextView.swift */,
				EF89E3AD1BB2841F00E9FFD5 /* BlurView.swift */,
				EF89E3AE1BB2841F00E9FFD5 /* DesignableButton.swift */,
				EF89E3AF1BB2841F00E9FFD5 /* DesignableImageView.swift */,
				EF89E3B01BB2841F00E9FFD5 /* DesignableLabel.swift */,
				EF89E3B11BB2841F00E9FFD5 /* DesignableTabBarController.swift */,
				EF89E3B21BB2841F00E9FFD5 /* DesignableTextField.swift */,
				EF89E3B31BB2841F00E9FFD5 /* DesignableTextView.swift */,
				EF89E3B41BB2841F00E9FFD5 /* DesignableView.swift */,
				EF89E3B51BB2841F00E9FFD5 /* ImageLoader.swift */,
				EF89E3B61BB2841F00E9FFD5 /* Info.plist */,
				EF89E3B71BB2841F00E9FFD5 /* KeyboardLayoutConstraint.swift */,
				EF89E3B81BB2841F00E9FFD5 /* LoadingView.swift */,
				EF89E3B91BB2841F00E9FFD5 /* LoadingView.xib */,
				EF89E3BA1BB2841F00E9FFD5 /* Misc.swift */,
				EF89E3BB1BB2841F00E9FFD5 /* SoundPlayer.swift */,
				EF89E3BC1BB2841F00E9FFD5 /* Spring.h */,
				EF89E3BD1BB2841F00E9FFD5 /* Spring.swift */,
				EF89E3BE1BB2841F00E9FFD5 /* SpringAnimation.swift */,
				EF89E3BF1BB2841F00E9FFD5 /* SpringButton.swift */,
				EF89E3C01BB2841F00E9FFD5 /* SpringImageView.swift */,
				EF89E3C11BB2841F00E9FFD5 /* SpringLabel.swift */,
				EF89E3C21BB2841F00E9FFD5 /* SpringTextField.swift */,
				EF89E3C31BB2841F00E9FFD5 /* SpringTextView.swift */,
				EF89E3C41BB2841F00E9FFD5 /* SpringView.swift */,
				EF89E3C51BB2841F00E9FFD5 /* TransitionManager.swift */,
				EF89E3C61BB2841F00E9FFD5 /* TransitionZoom.swift */,
				EF89E3C71BB2841F00E9FFD5 /* UnwindSegue.swift */,
			);
			path = Spring;
			sourceTree = "<group>";
		};
/* End PBXGroup section */

/* Begin PBXNativeTarget section */
		EF89E3711BB2833200E9FFD5 /* DevilHouse */ = {
			isa = PBXNativeTarget;
			buildConfigurationList = EF89E3911BB2833200E9FFD5 /* Build configuration list for PBXNativeTarget "DevilHouse" */;
			buildPhases = (
				EF89E36E1BB2833200E9FFD5 /* Sources */,
				EF89E36F1BB2833200E9FFD5 /* Frameworks */,
				EF89E3701BB2833200E9FFD5 /* Resources */,
			);
			buildRules = (
			);
			dependencies = (
			);
			name = DevilHouse;
			productName = DevilHouse;
			productReference = EF89E3721BB2833200E9FFD5 /* DevilHouse.app */;
			productType = "com.apple.product-type.application";
		};
		EF89E3861BB2833200E9FFD5 /* DevilHouseTests */ = {
			isa = PBXNativeTarget;
			buildConfigurationList = EF89E3941BB2833200E9FFD5 /* Build configuration list for PBXNativeTarget "DevilHouseTests" */;
			buildPhases = (
				EF89E3831BB2833200E9FFD5 /* Sources */,
				EF89E3841BB2833200E9FFD5 /* Frameworks */,
				EF89E3851BB2833200E9FFD5 /* Resources */,
			);
			buildRules = (
			);
			dependencies = (
				EF89E3891BB2833200E9FFD5 /* PBXTargetDependency */,
			);
			name = DevilHouseTests;
			productName = DevilHouseTests;
			productReference = EF89E3871BB2833200E9FFD5 /* DevilHouseTests.xctest */;
			productType = "com.apple.product-type.bundle.unit-test";
		};
/* End PBXNativeTarget section */

/* Begin PBXProject section */
		EF89E36A1BB2833200E9FFD5 /* Project object */ = {
			isa = PBXProject;
			attributes = {
				LastSwiftUpdateCheck = 0700;
				LastUpgradeCheck = 0700;
				ORGANIZATIONNAME = Itia;
				TargetAttributes = {
					EF89E3711BB2833200E9FFD5 = {
						CreatedOnToolsVersion = 6.4;
					};
					EF89E3861BB2833200E9FFD5 = {
						CreatedOnToolsVersion = 6.4;
						TestTargetID = EF89E3711BB2833200E9FFD5;
					};
				};
			};
			buildConfigurationList = EF89E36D1BB2833200E9FFD5 /* Build configuration list for PBXProject "DevilHouse" */;
			compatibilityVersion = "Xcode 3.2";
			developmentRegion = English;
			hasScannedForEncodings = 0;
			knownRegions = (
				en,
				Base,
			);
			mainGroup = EF89E3691BB2833200E9FFD5;
			productRefGroup = EF89E3731BB2833200E9FFD5 /* Products */;
			projectDirPath = "";
			projectRoot = "";
			targets = (
				EF89E3711BB2833200E9FFD5 /* DevilHouse */,
				EF89E3861BB2833200E9FFD5 /* DevilHouseTests */,
			);
		};
/* End PBXProject section */

/* Begin PBXResourcesBuildPhase section */
		EF89E3701BB2833200E9FFD5 /* Resources */ = {
			isa = PBXResourcesBuildPhase;
			buildActionMask = 2147483647;
			files = (
				EF89E3EA1BB2847000E9FFD5 /* Main.storyboard in Resources */,
				EF89E3821BB2833200E9FFD5 /* LaunchScreen.xib in Resources */,
				EF89E3D71BB2841F00E9FFD5 /* LoadingView.xib in Resources */,
				EF89E37F1BB2833200E9FFD5 /* Images.xcassets in Resources */,
				EF89E3E71BB2843A00E9FFD5 /* title2.png in Resources */,
				EF89E3D41BB2841F00E9FFD5 /* Info.plist in Resources */,
				EF89E3E81BB2843A00E9FFD5 /* town.png in Resources */,
			);
			runOnlyForDeploymentPostprocessing = 0;
		};
		EF89E3851BB2833200E9FFD5 /* Resources */ = {
			isa = PBXResourcesBuildPhase;
			buildActionMask = 2147483647;
			files = (
			);
			runOnlyForDeploymentPostprocessing = 0;
		};
/* End PBXResourcesBuildPhase section */

/* Begin PBXSourcesBuildPhase section */
		EF89E36E1BB2833200E9FFD5 /* Sources */ = {
			isa = PBXSourcesBuildPhase;
			buildActionMask = 2147483647;
			files = (
				EF89E3A41BB283CD00E9FFD5 /* StartViewController.swift in Sources */,
				EF89E3DA1BB2841F00E9FFD5 /* Spring.swift in Sources */,
				EF89E3A21BB283CD00E9FFD5 /* MainViewController.swift in Sources */,
				EF89E3D31BB2841F00E9FFD5 /* ImageLoader.swift in Sources */,
				EF89E3D61BB2841F00E9FFD5 /* LoadingView.swift in Sources */,
				EF89E3DC1BB2841F00E9FFD5 /* SpringButton.swift in Sources */,
				EF89E3CF1BB2841F00E9FFD5 /* DesignableTabBarController.swift in Sources */,
				EF89E3DE1BB2841F00E9FFD5 /* SpringLabel.swift in Sources */,
				EF89E3D11BB2841F00E9FFD5 /* DesignableTextView.swift in Sources */,
				EF89E3E31BB2841F00E9FFD5 /* TransitionZoom.swift in Sources */,
				EF89E3A11BB283CD00E9FFD5 /* ConfigViewController.swift in Sources */,
				EF89E3DD1BB2841F00E9FFD5 /* SpringImageView.swift in Sources */,
				EF89E3C91BB2841F00E9FFD5 /* AsyncImageView.swift in Sources */,
				EF89E3DF1BB2841F00E9FFD5 /* SpringTextField.swift in Sources */,
				EF89E3D01BB2841F00E9FFD5 /* DesignableTextField.swift in Sources */,
				EF89E3D21BB2841F00E9FFD5 /* DesignableView.swift in Sources */,
				EF89E3D91BB2841F00E9FFD5 /* SoundPlayer.swift in Sources */,
				EF89E3A31BB283CD00E9FFD5 /* ProtectViewController.swift in Sources */,
				EF89E3CB1BB2841F00E9FFD5 /* BlurView.swift in Sources */,
				EF89E3D51BB2841F00E9FFD5 /* KeyboardLayoutConstraint.swift in Sources */,
				EF89E3DB1BB2841F00E9FFD5 /* SpringAnimation.swift in Sources */,
				EF89E3D81BB2841F00E9FFD5 /* Misc.swift in Sources */,
				EF89E3E21BB2841F00E9FFD5 /* TransitionManager.swift in Sources */,
				EF89E3CD1BB2841F00E9FFD5 /* DesignableImageView.swift in Sources */,
				EF89E3A61BB283CD00E9FFD5 /* ViewController.swift in Sources */,
				EF89E3C81BB2841F00E9FFD5 /* AsyncButton.swift in Sources */,
				EF89E3E41BB2841F00E9FFD5 /* UnwindSegue.swift in Sources */,
				EF89E3A51BB283CD00E9FFD5 /* TownViewController.swift in Sources */,
				EF89E3E11BB2841F00E9FFD5 /* SpringView.swift in Sources */,
				EF89E3CE1BB2841F00E9FFD5 /* DesignableLabel.swift in Sources */,
				EF89E3CA1BB2841F00E9FFD5 /* AutoTextView.swift in Sources */,
				EF89E3E01BB2841F00E9FFD5 /* SpringTextView.swift in Sources */,
				EF89E3CC1BB2841F00E9FFD5 /* DesignableButton.swift in Sources */,
				EF89E3A71BB283CD00E9FFD5 /* WeaponViewController.swift in Sources */,
				EF89E3991BB283AE00E9FFD5 /* AppDelegate.swift in Sources */,
			);
			runOnlyForDeploymentPostprocessing = 0;
		};
		EF89E3831BB2833200E9FFD5 /* Sources */ = {
			isa = PBXSourcesBuildPhase;
			buildActionMask = 2147483647;
			files = (
				EF89E38E1BB2833200E9FFD5 /* DevilHouseTests.swift in Sources */,
			);
			runOnlyForDeploymentPostprocessing = 0;
		};
/* End PBXSourcesBuildPhase section */

/* Begin PBXTargetDependency section */
		EF89E3891BB2833200E9FFD5 /* PBXTargetDependency */ = {
			isa = PBXTargetDependency;
			target = EF89E3711BB2833200E9FFD5 /* DevilHouse */;
			targetProxy = EF89E3881BB2833200E9FFD5 /* PBXContainerItemProxy */;
		};
/* End PBXTargetDependency section */

/* Begin PBXVariantGroup section */
		EF89E3801BB2833200E9FFD5 /* LaunchScreen.xib */ = {
			isa = PBXVariantGroup;
			children = (
				EF89E3811BB2833200E9FFD5 /* Base */,
			);
			name = LaunchScreen.xib;
			sourceTree = "<group>";
		};
/* End PBXVariantGroup section */

/* Begin XCBuildConfiguration section */
		EF89E38F1BB2833200E9FFD5 /* Debug */ = {
			isa = XCBuildConfiguration;
			buildSettings = {
				ALWAYS_SEARCH_USER_PATHS = NO;
				CLANG_CXX_LANGUAGE_STANDARD = "gnu++0x";
				CLANG_CXX_LIBRARY = "libc++";
				CLANG_ENABLE_MODULES = YES;
				CLANG_ENABLE_OBJC_ARC = YES;
				CLANG_WARN_BOOL_CONVERSION = YES;
				CLANG_WARN_CONSTANT_CONVERSION = YES;
				CLANG_WARN_DIRECT_OBJC_ISA_USAGE = YES_ERROR;
				CLANG_WARN_EMPTY_BODY = YES;
				CLANG_WARN_ENUM_CONVERSION = YES;
				CLANG_WARN_INT_CONVERSION = YES;
				CLANG_WARN_OBJC_ROOT_CLASS = YES_ERROR;
				CLANG_WARN_UNREACHABLE_CODE = YES;
				CLANG_WARN__DUPLICATE_METHOD_MATCH = YES;
				"CODE_SIGN_IDENTITY[sdk=iphoneos*]" = "iPhone Developer";
				COPY_PHASE_STRIP = NO;
				DEBUG_INFORMATION_FORMAT = "dwarf-with-dsym";
				ENABLE_STRICT_OBJC_MSGSEND = YES;
				ENABLE_TESTABILITY = YES;
				GCC_C_LANGUAGE_STANDARD = gnu99;
				GCC_DYNAMIC_NO_PIC = NO;
				GCC_NO_COMMON_BLOCKS = YES;
				GCC_OPTIMIZATION_LEVEL = 0;
				GCC_PREPROCESSOR_DEFINITIONS = (
					"DEBUG=1",
					"$(inherited)",
				);
				GCC_SYMBOLS_PRIVATE_EXTERN = NO;
				GCC_WARN_64_TO_32_BIT_CONVERSION = YES;
				GCC_WARN_ABOUT_RETURN_TYPE = YES_ERROR;
				GCC_WARN_UNDECLARED_SELECTOR = YES;
				GCC_WARN_UNINITIALIZED_AUTOS = YES_AGGRESSIVE;
				GCC_WARN_UNUSED_FUNCTION = YES;
				GCC_WARN_UNUSED_VARIABLE = YES;
				IPHONEOS_DEPLOYMENT_TARGET = 8.4;
				MTL_ENABLE_DEBUG_INFO = YES;
				ONLY_ACTIVE_ARCH = YES;
				SDKROOT = iphoneos;
				SWIFT_OPTIMIZATION_LEVEL = "-Onone";
			};
			name = Debug;
		};
		EF89E3901BB2833200E9FFD5 /* Release */ = {
			isa = XCBuildConfiguration;
			buildSettings = {
				ALWAYS_SEARCH_USER_PATHS = NO;
				CLANG_CXX_LANGUAGE_STANDARD = "gnu++0x";
				CLANG_CXX_LIBRARY = "libc++";
				CLANG_ENABLE_MODULES = YES;
				CLANG_ENABLE_OBJC_ARC = YES;
				CLANG_WARN_BOOL_CONVERSION = YES;
				CLANG_WARN_CONSTANT_CONVERSION = YES;
				CLANG_WARN_DIRECT_OBJC_ISA_USAGE = YES_ERROR;
				CLANG_WARN_EMPTY_BODY = YES;
				CLANG_WARN_ENUM_CONVERSION = YES;
				CLANG_WARN_INT_CONVERSION = YES;
				CLANG_WARN_OBJC_ROOT_CLASS = YES_ERROR;
				CLANG_WARN_UNREACHABLE_CODE = YES;
				CLANG_WARN__DUPLICATE_METHOD_MATCH = YES;
				"CODE_SIGN_IDENTITY[sdk=iphoneos*]" = "iPhone Developer";
				COPY_PHASE_STRIP = NO;
				DEBUG_INFORMATION_FORMAT = "dwarf-with-dsym";
				ENABLE_NS_ASSERTIONS = NO;
				ENABLE_STRICT_OBJC_MSGSEND = YES;
				GCC_C_LANGUAGE_STANDARD = gnu99;
				GCC_NO_COMMON_BLOCKS = YES;
				GCC_WARN_64_TO_32_BIT_CONVERSION = YES;
				GCC_WARN_ABOUT_RETURN_TYPE = YES_ERROR;
				GCC_WARN_UNDECLARED_SELECTOR = YES;
				GCC_WARN_UNINITIALIZED_AUTOS = YES_AGGRESSIVE;
				GCC_WARN_UNUSED_FUNCTION = YES;
				GCC_WARN_UNUSED_VARIABLE = YES;
				IPHONEOS_DEPLOYMENT_TARGET = 8.4;
				MTL_ENABLE_DEBUG_INFO = NO;
				SDKROOT = iphoneos;
				VALIDATE_PRODUCT = YES;
			};
			name = Release;
		};
		EF89E3921BB2833200E9FFD5 /* Debug */ = {
			isa = XCBuildConfiguration;
			buildSettings = {
				ASSETCATALOG_COMPILER_APPICON_NAME = AppIcon;
				CLANG_ENABLE_MODULES = YES;
				INFOPLIST_FILE = DevilHouse/Info.plist;
				LD_RUNPATH_SEARCH_PATHS = "$(inherited) @executable_path/Frameworks";
				PRODUCT_BUNDLE_IDENTIFIER = "com.mycompany.$(PRODUCT_NAME:rfc1034identifier)";
				PRODUCT_NAME = "$(TARGET_NAME)";
				SWIFT_OBJC_BRIDGING_HEADER = "DevilHouse/DevilHouse-Bridging-Header.h";
				SWIFT_OPTIMIZATION_LEVEL = "-Onone";
			};
			name = Debug;
		};
		EF89E3931BB2833200E9FFD5 /* Release */ = {
			isa = XCBuildConfiguration;
			buildSettings = {
				ASSETCATALOG_COMPILER_APPICON_NAME = AppIcon;
				CLANG_ENABLE_MODULES = YES;
				INFOPLIST_FILE = DevilHouse/Info.plist;
				LD_RUNPATH_SEARCH_PATHS = "$(inherited) @executable_path/Frameworks";
				PRODUCT_BUNDLE_IDENTIFIER = "com.mycompany.$(PRODUCT_NAME:rfc1034identifier)";
				PRODUCT_NAME = "$(TARGET_NAME)";
				SWIFT_OBJC_BRIDGING_HEADER = "DevilHouse/DevilHouse-Bridging-Header.h";
			};
			name = Release;
		};
		EF89E3951BB2833200E9FFD5 /* Debug */ = {
			isa = XCBuildConfiguration;
			buildSettings = {
				BUNDLE_LOADER = "$(TEST_HOST)";
				FRAMEWORK_SEARCH_PATHS = (
					"$(SDKROOT)/Developer/Library/Frameworks",
					"$(inherited)",
				);
				GCC_PREPROCESSOR_DEFINITIONS = (
					"DEBUG=1",
					"$(inherited)",
				);
				INFOPLIST_FILE = DevilHouseTests/Info.plist;
				LD_RUNPATH_SEARCH_PATHS = "$(inherited) @executable_path/Frameworks @loader_path/Frameworks";
				PRODUCT_BUNDLE_IDENTIFIER = "com.mycompany.$(PRODUCT_NAME:rfc1034identifier)";
				PRODUCT_NAME = "$(TARGET_NAME)";
				TEST_HOST = "$(BUILT_PRODUCTS_DIR)/DevilHouse.app/DevilHouse";
			};
			name = Debug;
		};
		EF89E3961BB2833200E9FFD5 /* Release */ = {
			isa = XCBuildConfiguration;
			buildSettings = {
				BUNDLE_LOADER = "$(TEST_HOST)";
				FRAMEWORK_SEARCH_PATHS = (
					"$(SDKROOT)/Developer/Library/Frameworks",
					"$(inherited)",
				);
				INFOPLIST_FILE = DevilHouseTests/Info.plist;
				LD_RUNPATH_SEARCH_PATHS = "$(inherited) @executable_path/Frameworks @loader_path/Frameworks";
				PRODUCT_BUNDLE_IDENTIFIER = "com.mycompany.$(PRODUCT_NAME:rfc1034identifier)";
				PRODUCT_NAME = "$(TARGET_NAME)";
				TEST_HOST = "$(BUILT_PRODUCTS_DIR)/DevilHouse.app/DevilHouse";
			};
			name = Release;
		};
/* End XCBuildConfiguration section */

/* Begin XCConfigurationList section */
		EF89E36D1BB2833200E9FFD5 /* Build configuration list for PBXProject "DevilHouse" */ = {
			isa = XCConfigurationList;
			buildConfigurations = (
				EF89E38F1BB2833200E9FFD5 /* Debug */,
				EF89E3901BB2833200E9FFD5 /* Release */,
			);
			defaultConfigurationIsVisible = 0;
			defaultConfigurationName = Release;
		};
		EF89E3911BB2833200E9FFD5 /* Build configuration list for PBXNativeTarget "DevilHouse" */ = {
			isa = XCConfigurationList;
			buildConfigurations = (
				EF89E3921BB2833200E9FFD5 /* Debug */,
				EF89E3931BB2833200E9FFD5 /* Release */,
			);
			defaultConfigurationIsVisible = 0;
			defaultConfigurationName = Release;
		};
		EF89E3941BB2833200E9FFD5 /* Build configuration list for PBXNativeTarget "DevilHouseTests" */ = {
			isa = XCConfigurationList;
			buildConfigurations = (
				EF89E3951BB2833200E9FFD5 /* Debug */,
				EF89E3961BB2833200E9FFD5 /* Release */,
			);
			defaultConfigurationIsVisible = 0;
			defaultConfigurationName = Release;
		};
/* End XCConfigurationList section */
	};
	rootObject = EF89E36A1BB2833200E9FFD5 /* Project object */;
}
